{
  "version": 4,
  "terraform_version": "0.14.9",
  "serial": 1152,
  "lineage": "d2a516e3-1c45-4deb-0c8c-068a20f0c222",
  "outputs": {
    "bigip_password": {
      "value": [
        "feKYaSY:j65_dQk=RLlP0X"
      ],
      "type": [
        "tuple",
        [
          "string"
        ]
      ]
    },
    "bigip_pip": {
      "value": [
        "20.64.169.88",
        "20.64.169.106"
      ],
      "type": [
        "tuple",
        [
          "string",
          "string"
        ]
      ]
    },
    "fqdn": {
      "value": [
        "vp0.westus2.cloudapp.azure.com",
        "vp1.westus2.cloudapp.azure.com"
      ],
      "type": [
        "tuple",
        [
          "string",
          "string"
        ]
      ]
    }
  },
  "resources": [
    {
      "mode": "data",
      "type": "template_file",
      "name": "vm_onboard",
      "provider": "provider[\"registry.terraform.io/hashicorp/template\"]",
      "instances": [
        {
          "index_key": 0,
          "schema_version": 0,
          "attributes": {
            "filename": null,
            "id": "895392b93c9776f0b229d63dd8143d0eb84352710218cce09585ac702f15e4d0",
            "rendered": "#cloud-config\nwrite_files:\n- content: |\n    #!/bin/bash\n\n      echo \"This is installation is done with cloud-init configured by remo@f5.com\" \u003e\u003e /var/tmp/cloud-init-output\n\n    # Wait for MCPD to be up before running tmsh commands\n      source /usr/lib/bigstart/bigip-ready-functions\n      wait_bigip_ready\n\n        #  Begin BIG-IP configuration\n        tmsh modify sys disk directory /appdata new-size 25000000\n        tmsh modify /sys global-settings mgmt-dhcp disabled\n        tmsh modify /sys global-settings gui-setup disabled\n        tmsh modify /sys sshd banner enabled banner-text 'Configured via Automation. All Sessions will be recorded!'\n        tmsh modify /sys global-settings gui-security-banner-text 'Configured via Automation!'\n        tmsh modify analytics global-settings \\{ offbox-protocol tcp offbox-tcp-addresses add \\{ 127.0.0.1 \\} offbox-tcp-port 6514 use-offbox enabled \\}\n        tmsh save /sys config\n\n  path: /config/custom-config.sh\n  permissions: '0755'\n  owner: root:root\n  append: true\n- content:\n    path: /var/tmp/bootcmd_end\n    owner: root:root\n    permissions: '0644'\nruncmd:\n  - /config/custom-config.sh \u0026\ntmos_declared:\n  enabled: true\n  icontrollx_trusted_sources: false\n  icontrollx_package_urls:\n    - https://github.com/F5Networks/f5-declarative-onboarding/releases/download/v1.20.0/f5-declarative-onboarding-1.20.0-2.noarch.rpm\n    - https://github.com/F5Networks/f5-appsvcs-extension/releases/download/v3.27.0/f5-appsvcs-3.27.0-3.noarch.rpm\n    - https://github.com/F5Networks/f5-telemetry-streaming/releases/download/v1.19.0/f5-telemetry-1.19.0-3.noarch.rpm\n    - https://github.com/F5Networks/f5-appsvcs-templates/releases/download/v1.8.0/f5-appsvcs-templates-1.8.0-1.noarch.rpm\n  do_declaration:\n    schemaVersion: 1.0.0\n    class: Device\n    async: true\n    label: Cloudinit Onboarding\n    Common:\n      hostname: vp0.westus2.cloudapp.azure.com\n      class: Tenant\n      provisioningLevels:\n        class: Provision\n        ltm: nominal\n        asm: nominal\n      admin:\n        class: User\n        shell: bash\n        userType: regular\n      myLicense:\n        class: License\n        licenseType: regKey\n        regKey: HIYLJ-ZQTKV-OLTSE-MEYWH-IMKXNQP\n        overwrite: true\n      internal:\n        class: VLAN\n        tag: 4093\n        mtu: 1500\n        interfaces:\n          - name: 1.2\n            tagged: false\n      external:\n        class: VLAN\n        tag: 4094\n        mtu: 1500\n        interfaces:\n          - name: 1.1\n            tagged: false\n      internal_self:\n        class: SelfIp\n        address: 10.0.1.5/24\n        vlan: internal\n        allowService: default\n        trafficGroup: traffic-group-local-only\n      external_self:\n        class: SelfIp\n        address: 10.0.2.5/24\n        vlan: external\n        allowService: none\n        trafficGroup: traffic-group-local-only \n      configsync:\n        class: ConfigSync\n        configsyncIp: /Common/internal_self/address\n      failoverAddress:\n        class: FailoverUnicast\n        address: /Common/internal_self/address\n      failoverGroup:\n        class: DeviceGroup\n        type: sync-failover\n        members:\n          - 10.0.1.5 \n          - 10.0.1.4\n        owner: /Common/failoverGroup/members/0\n        autoSync: true\n        saveOnAutoSync: false\n        networkFailover: true\n        fullLoadOnSync: false\n        asmSync: true\n      trust:\n        class: DeviceTrust\n        localUsername: f5admin\n        localPassword: feKYaSY:j65_dQk=RLlP0X\n        remoteHost: 10.0.1.5\n        remoteUsername: f5admin\n        remotePassword: feKYaSY:j65_dQk=RLlP0X",
            "template": "#cloud-config\nwrite_files:\n- content: |\n    #!/bin/bash\n\n      echo \"This is installation is done with cloud-init configured by remo@f5.com\" \u003e\u003e /var/tmp/cloud-init-output\n\n    # Wait for MCPD to be up before running tmsh commands\n      source /usr/lib/bigstart/bigip-ready-functions\n      wait_bigip_ready\n\n        #  Begin BIG-IP configuration\n        tmsh modify sys disk directory /appdata new-size 25000000\n        tmsh modify /sys global-settings mgmt-dhcp disabled\n        tmsh modify /sys global-settings gui-setup disabled\n        tmsh modify /sys sshd banner enabled banner-text 'Configured via Automation. All Sessions will be recorded!'\n        tmsh modify /sys global-settings gui-security-banner-text 'Configured via Automation!'\n        tmsh modify analytics global-settings \\{ offbox-protocol tcp offbox-tcp-addresses add \\{ 127.0.0.1 \\} offbox-tcp-port 6514 use-offbox enabled \\}\n        tmsh save /sys config\n\n  path: /config/custom-config.sh\n  permissions: '0755'\n  owner: root:root\n  append: true\n- content:\n    path: /var/tmp/bootcmd_end\n    owner: root:root\n    permissions: '0644'\nruncmd:\n  - /config/custom-config.sh \u0026\ntmos_declared:\n  enabled: true\n  icontrollx_trusted_sources: false\n  icontrollx_package_urls:\n    - ${DO_URL}\n    - ${AS3_URL}\n    - ${TS_URL}\n    - ${FAST_URL}\n  do_declaration:\n    schemaVersion: 1.0.0\n    class: Device\n    async: true\n    label: Cloudinit Onboarding\n    Common:\n      hostname: ${bigip_hostname}\n      class: Tenant\n      provisioningLevels:\n        class: Provision\n        ltm: nominal\n        asm: nominal\n      admin:\n        class: User\n        shell: bash\n        userType: regular\n      myLicense:\n        class: License\n        licenseType: regKey\n        regKey: ${license}\n        overwrite: true\n      internal:\n        class: VLAN\n        tag: 4093\n        mtu: 1500\n        interfaces:\n          - name: 1.2\n            tagged: false\n      external:\n        class: VLAN\n        tag: 4094\n        mtu: 1500\n        interfaces:\n          - name: 1.1\n            tagged: false\n      internal_self:\n        class: SelfIp\n        address: ${intselfip}/24\n        vlan: internal\n        allowService: default\n        trafficGroup: traffic-group-local-only\n      external_self:\n        class: SelfIp\n        address: ${extselfip}/24\n        vlan: external\n        allowService: none\n        trafficGroup: traffic-group-local-only \n      configsync:\n        class: ConfigSync\n        configsyncIp: /Common/internal_self/address\n      failoverAddress:\n        class: FailoverUnicast\n        address: /Common/internal_self/address\n      failoverGroup:\n        class: DeviceGroup\n        type: sync-failover\n        members:\n          - ${host1} \n          - ${host2}\n        owner: /Common/failoverGroup/members/0\n        autoSync: true\n        saveOnAutoSync: false\n        networkFailover: true\n        fullLoadOnSync: false\n        asmSync: true\n      trust:\n        class: DeviceTrust\n        localUsername: ${bigipuser}\n        localPassword: ${bigippass}\n        remoteHost: ${dscip}\n        remoteUsername: ${bigipuser}\n        remotePassword: ${bigippass}",
            "vars": {
              "AS3_URL": "https://github.com/F5Networks/f5-appsvcs-extension/releases/download/v3.27.0/f5-appsvcs-3.27.0-3.noarch.rpm",
              "DO_URL": "https://github.com/F5Networks/f5-declarative-onboarding/releases/download/v1.20.0/f5-declarative-onboarding-1.20.0-2.noarch.rpm",
              "FAST_URL": "https://github.com/F5Networks/f5-appsvcs-templates/releases/download/v1.8.0/f5-appsvcs-templates-1.8.0-1.noarch.rpm",
              "TS_URL": "https://github.com/F5Networks/f5-telemetry-streaming/releases/download/v1.19.0/f5-telemetry-1.19.0-3.noarch.rpm",
              "bigip_hostname": "vp0.westus2.cloudapp.azure.com",
              "bigippass": "feKYaSY:j65_dQk=RLlP0X",
              "bigipuser": "f5admin",
              "dscip": "10.0.1.5",
              "extselfip": "10.0.2.5",
              "host1": "10.0.1.5",
              "host2": "10.0.1.4",
              "intselfip": "10.0.1.5",
              "license": "HIYLJ-ZQTKV-OLTSE-MEYWH-IMKXNQP",
              "name_servers": "168.63.129.16",
              "onboard_log": ".error.log",
              "search_domain": "f5.com"
            }
          },
          "sensitive_attributes": []
        },
        {
          "index_key": 1,
          "schema_version": 0,
          "attributes": {
            "filename": null,
            "id": "4860abba7e023c9c59a21c02f2c636e67335ceb88826fe57f0c7c81240cbda7a",
            "rendered": "#cloud-config\nwrite_files:\n- content: |\n    #!/bin/bash\n\n      echo \"This is installation is done with cloud-init configured by remo@f5.com\" \u003e\u003e /var/tmp/cloud-init-output\n\n    # Wait for MCPD to be up before running tmsh commands\n      source /usr/lib/bigstart/bigip-ready-functions\n      wait_bigip_ready\n\n        #  Begin BIG-IP configuration\n        tmsh modify sys disk directory /appdata new-size 25000000\n        tmsh modify /sys global-settings mgmt-dhcp disabled\n        tmsh modify /sys global-settings gui-setup disabled\n        tmsh modify /sys sshd banner enabled banner-text 'Configured via Automation. All Sessions will be recorded!'\n        tmsh modify /sys global-settings gui-security-banner-text 'Configured via Automation!'\n        tmsh modify analytics global-settings \\{ offbox-protocol tcp offbox-tcp-addresses add \\{ 127.0.0.1 \\} offbox-tcp-port 6514 use-offbox enabled \\}\n        tmsh save /sys config\n\n  path: /config/custom-config.sh\n  permissions: '0755'\n  owner: root:root\n  append: true\n- content:\n    path: /var/tmp/bootcmd_end\n    owner: root:root\n    permissions: '0644'\nruncmd:\n  - /config/custom-config.sh \u0026\ntmos_declared:\n  enabled: true\n  icontrollx_trusted_sources: false\n  icontrollx_package_urls:\n    - https://github.com/F5Networks/f5-declarative-onboarding/releases/download/v1.20.0/f5-declarative-onboarding-1.20.0-2.noarch.rpm\n    - https://github.com/F5Networks/f5-appsvcs-extension/releases/download/v3.27.0/f5-appsvcs-3.27.0-3.noarch.rpm\n    - https://github.com/F5Networks/f5-telemetry-streaming/releases/download/v1.19.0/f5-telemetry-1.19.0-3.noarch.rpm\n    - https://github.com/F5Networks/f5-appsvcs-templates/releases/download/v1.8.0/f5-appsvcs-templates-1.8.0-1.noarch.rpm\n  do_declaration:\n    schemaVersion: 1.0.0\n    class: Device\n    async: true\n    label: Cloudinit Onboarding\n    Common:\n      hostname: vp1.westus2.cloudapp.azure.com\n      class: Tenant\n      provisioningLevels:\n        class: Provision\n        ltm: nominal\n        asm: nominal\n      admin:\n        class: User\n        shell: bash\n        userType: regular\n      myLicense:\n        class: License\n        licenseType: regKey\n        regKey: GQICY-OVMEG-YYUTE-XHUDJ-PMHTYXY\n        overwrite: true\n      internal:\n        class: VLAN\n        tag: 4093\n        mtu: 1500\n        interfaces:\n          - name: 1.2\n            tagged: false\n      external:\n        class: VLAN\n        tag: 4094\n        mtu: 1500\n        interfaces:\n          - name: 1.1\n            tagged: false\n      internal_self:\n        class: SelfIp\n        address: 10.0.1.4/24\n        vlan: internal\n        allowService: default\n        trafficGroup: traffic-group-local-only\n      external_self:\n        class: SelfIp\n        address: 10.0.2.4/24\n        vlan: external\n        allowService: none\n        trafficGroup: traffic-group-local-only \n      configsync:\n        class: ConfigSync\n        configsyncIp: /Common/internal_self/address\n      failoverAddress:\n        class: FailoverUnicast\n        address: /Common/internal_self/address\n      failoverGroup:\n        class: DeviceGroup\n        type: sync-failover\n        members:\n          - 10.0.1.5 \n          - 10.0.1.4\n        owner: /Common/failoverGroup/members/0\n        autoSync: true\n        saveOnAutoSync: false\n        networkFailover: true\n        fullLoadOnSync: false\n        asmSync: true\n      trust:\n        class: DeviceTrust\n        localUsername: f5admin\n        localPassword: feKYaSY:j65_dQk=RLlP0X\n        remoteHost: 10.0.1.5\n        remoteUsername: f5admin\n        remotePassword: feKYaSY:j65_dQk=RLlP0X",
            "template": "#cloud-config\nwrite_files:\n- content: |\n    #!/bin/bash\n\n      echo \"This is installation is done with cloud-init configured by remo@f5.com\" \u003e\u003e /var/tmp/cloud-init-output\n\n    # Wait for MCPD to be up before running tmsh commands\n      source /usr/lib/bigstart/bigip-ready-functions\n      wait_bigip_ready\n\n        #  Begin BIG-IP configuration\n        tmsh modify sys disk directory /appdata new-size 25000000\n        tmsh modify /sys global-settings mgmt-dhcp disabled\n        tmsh modify /sys global-settings gui-setup disabled\n        tmsh modify /sys sshd banner enabled banner-text 'Configured via Automation. All Sessions will be recorded!'\n        tmsh modify /sys global-settings gui-security-banner-text 'Configured via Automation!'\n        tmsh modify analytics global-settings \\{ offbox-protocol tcp offbox-tcp-addresses add \\{ 127.0.0.1 \\} offbox-tcp-port 6514 use-offbox enabled \\}\n        tmsh save /sys config\n\n  path: /config/custom-config.sh\n  permissions: '0755'\n  owner: root:root\n  append: true\n- content:\n    path: /var/tmp/bootcmd_end\n    owner: root:root\n    permissions: '0644'\nruncmd:\n  - /config/custom-config.sh \u0026\ntmos_declared:\n  enabled: true\n  icontrollx_trusted_sources: false\n  icontrollx_package_urls:\n    - ${DO_URL}\n    - ${AS3_URL}\n    - ${TS_URL}\n    - ${FAST_URL}\n  do_declaration:\n    schemaVersion: 1.0.0\n    class: Device\n    async: true\n    label: Cloudinit Onboarding\n    Common:\n      hostname: ${bigip_hostname}\n      class: Tenant\n      provisioningLevels:\n        class: Provision\n        ltm: nominal\n        asm: nominal\n      admin:\n        class: User\n        shell: bash\n        userType: regular\n      myLicense:\n        class: License\n        licenseType: regKey\n        regKey: ${license}\n        overwrite: true\n      internal:\n        class: VLAN\n        tag: 4093\n        mtu: 1500\n        interfaces:\n          - name: 1.2\n            tagged: false\n      external:\n        class: VLAN\n        tag: 4094\n        mtu: 1500\n        interfaces:\n          - name: 1.1\n            tagged: false\n      internal_self:\n        class: SelfIp\n        address: ${intselfip}/24\n        vlan: internal\n        allowService: default\n        trafficGroup: traffic-group-local-only\n      external_self:\n        class: SelfIp\n        address: ${extselfip}/24\n        vlan: external\n        allowService: none\n        trafficGroup: traffic-group-local-only \n      configsync:\n        class: ConfigSync\n        configsyncIp: /Common/internal_self/address\n      failoverAddress:\n        class: FailoverUnicast\n        address: /Common/internal_self/address\n      failoverGroup:\n        class: DeviceGroup\n        type: sync-failover\n        members:\n          - ${host1} \n          - ${host2}\n        owner: /Common/failoverGroup/members/0\n        autoSync: true\n        saveOnAutoSync: false\n        networkFailover: true\n        fullLoadOnSync: false\n        asmSync: true\n      trust:\n        class: DeviceTrust\n        localUsername: ${bigipuser}\n        localPassword: ${bigippass}\n        remoteHost: ${dscip}\n        remoteUsername: ${bigipuser}\n        remotePassword: ${bigippass}",
            "vars": {
              "AS3_URL": "https://github.com/F5Networks/f5-appsvcs-extension/releases/download/v3.27.0/f5-appsvcs-3.27.0-3.noarch.rpm",
              "DO_URL": "https://github.com/F5Networks/f5-declarative-onboarding/releases/download/v1.20.0/f5-declarative-onboarding-1.20.0-2.noarch.rpm",
              "FAST_URL": "https://github.com/F5Networks/f5-appsvcs-templates/releases/download/v1.8.0/f5-appsvcs-templates-1.8.0-1.noarch.rpm",
              "TS_URL": "https://github.com/F5Networks/f5-telemetry-streaming/releases/download/v1.19.0/f5-telemetry-1.19.0-3.noarch.rpm",
              "bigip_hostname": "vp1.westus2.cloudapp.azure.com",
              "bigippass": "feKYaSY:j65_dQk=RLlP0X",
              "bigipuser": "f5admin",
              "dscip": "10.0.1.5",
              "extselfip": "10.0.2.4",
              "host1": "10.0.1.5",
              "host2": "10.0.1.4",
              "intselfip": "10.0.1.4",
              "license": "GQICY-OVMEG-YYUTE-XHUDJ-PMHTYXY",
              "name_servers": "168.63.129.16",
              "onboard_log": ".error.log",
              "search_domain": "f5.com"
            }
          },
          "sensitive_attributes": []
        }
      ]
    },
    {
      "mode": "managed",
      "type": "azurerm_linux_virtual_machine",
      "name": "f5bigip",
      "provider": "provider[\"registry.terraform.io/hashicorp/azurerm\"]",
      "instances": [
        {
          "index_key": 0,
          "schema_version": 0,
          "attributes": {
            "additional_capabilities": [],
            "admin_password": "feKYaSY:j65_dQk=RLlP0X",
            "admin_ssh_key": [],
            "admin_username": "f5admin",
            "allow_extension_operations": true,
            "availability_set_id": "",
            "boot_diagnostics": [],
            "computer_name": "EXOTEST-LTM-0",
            "custom_data": "I2Nsb3VkLWNvbmZpZwp3cml0ZV9maWxlczoKLSBjb250ZW50OiB8CiAgICAjIS9iaW4vYmFzaAoKICAgICAgZWNobyAiVGhpcyBpcyBpbnN0YWxsYXRpb24gaXMgZG9uZSB3aXRoIGNsb3VkLWluaXQgY29uZmlndXJlZCBieSByZW1vQGY1LmNvbSIgPj4gL3Zhci90bXAvY2xvdWQtaW5pdC1vdXRwdXQKCiAgICAjIFdhaXQgZm9yIE1DUEQgdG8gYmUgdXAgYmVmb3JlIHJ1bm5pbmcgdG1zaCBjb21tYW5kcwogICAgICBzb3VyY2UgL3Vzci9saWIvYmlnc3RhcnQvYmlnaXAtcmVhZHktZnVuY3Rpb25zCiAgICAgIHdhaXRfYmlnaXBfcmVhZHkKCiAgICAgICAgIyAgQmVnaW4gQklHLUlQIGNvbmZpZ3VyYXRpb24KICAgICAgICB0bXNoIG1vZGlmeSBzeXMgZGlzayBkaXJlY3RvcnkgL2FwcGRhdGEgbmV3LXNpemUgMjUwMDAwMDAKICAgICAgICB0bXNoIG1vZGlmeSAvc3lzIGdsb2JhbC1zZXR0aW5ncyBtZ210LWRoY3AgZGlzYWJsZWQKICAgICAgICB0bXNoIG1vZGlmeSAvc3lzIGdsb2JhbC1zZXR0aW5ncyBndWktc2V0dXAgZGlzYWJsZWQKICAgICAgICB0bXNoIG1vZGlmeSAvc3lzIHNzaGQgYmFubmVyIGVuYWJsZWQgYmFubmVyLXRleHQgJ0NvbmZpZ3VyZWQgdmlhIEF1dG9tYXRpb24uIEFsbCBTZXNzaW9ucyB3aWxsIGJlIHJlY29yZGVkIScKICAgICAgICB0bXNoIG1vZGlmeSAvc3lzIGdsb2JhbC1zZXR0aW5ncyBndWktc2VjdXJpdHktYmFubmVyLXRleHQgJ0NvbmZpZ3VyZWQgdmlhIEF1dG9tYXRpb24hJwogICAgICAgIHRtc2ggbW9kaWZ5IGFuYWx5dGljcyBnbG9iYWwtc2V0dGluZ3MgXHsgb2ZmYm94LXByb3RvY29sIHRjcCBvZmZib3gtdGNwLWFkZHJlc3NlcyBhZGQgXHsgMTI3LjAuMC4xIFx9IG9mZmJveC10Y3AtcG9ydCA2NTE0IHVzZS1vZmZib3ggZW5hYmxlZCBcfQogICAgICAgIHRtc2ggc2F2ZSAvc3lzIGNvbmZpZwoKICBwYXRoOiAvY29uZmlnL2N1c3RvbS1jb25maWcuc2gKICBwZXJtaXNzaW9uczogJzA3NTUnCiAgb3duZXI6IHJvb3Q6cm9vdAogIGFwcGVuZDogdHJ1ZQotIGNvbnRlbnQ6CiAgICBwYXRoOiAvdmFyL3RtcC9ib290Y21kX2VuZAogICAgb3duZXI6IHJvb3Q6cm9vdAogICAgcGVybWlzc2lvbnM6ICcwNjQ0JwpydW5jbWQ6CiAgLSAvY29uZmlnL2N1c3RvbS1jb25maWcuc2ggJgp0bW9zX2RlY2xhcmVkOgogIGVuYWJsZWQ6IHRydWUKICBpY29udHJvbGx4X3RydXN0ZWRfc291cmNlczogZmFsc2UKICBpY29udHJvbGx4X3BhY2thZ2VfdXJsczoKICAgIC0gaHR0cHM6Ly9naXRodWIuY29tL0Y1TmV0d29ya3MvZjUtZGVjbGFyYXRpdmUtb25ib2FyZGluZy9yZWxlYXNlcy9kb3dubG9hZC92MS4yMC4wL2Y1LWRlY2xhcmF0aXZlLW9uYm9hcmRpbmctMS4yMC4wLTIubm9hcmNoLnJwbQogICAgLSBodHRwczovL2dpdGh1Yi5jb20vRjVOZXR3b3Jrcy9mNS1hcHBzdmNzLWV4dGVuc2lvbi9yZWxlYXNlcy9kb3dubG9hZC92My4yNy4wL2Y1LWFwcHN2Y3MtMy4yNy4wLTMubm9hcmNoLnJwbQogICAgLSBodHRwczovL2dpdGh1Yi5jb20vRjVOZXR3b3Jrcy9mNS10ZWxlbWV0cnktc3RyZWFtaW5nL3JlbGVhc2VzL2Rvd25sb2FkL3YxLjE5LjAvZjUtdGVsZW1ldHJ5LTEuMTkuMC0zLm5vYXJjaC5ycG0KICAgIC0gaHR0cHM6Ly9naXRodWIuY29tL0Y1TmV0d29ya3MvZjUtYXBwc3Zjcy10ZW1wbGF0ZXMvcmVsZWFzZXMvZG93bmxvYWQvdjEuOC4wL2Y1LWFwcHN2Y3MtdGVtcGxhdGVzLTEuOC4wLTEubm9hcmNoLnJwbQogIGRvX2RlY2xhcmF0aW9uOgogICAgc2NoZW1hVmVyc2lvbjogMS4wLjAKICAgIGNsYXNzOiBEZXZpY2UKICAgIGFzeW5jOiB0cnVlCiAgICBsYWJlbDogQ2xvdWRpbml0IE9uYm9hcmRpbmcKICAgIENvbW1vbjoKICAgICAgaG9zdG5hbWU6IHZwMC53ZXN0dXMyLmNsb3VkYXBwLmF6dXJlLmNvbQogICAgICBjbGFzczogVGVuYW50CiAgICAgIHByb3Zpc2lvbmluZ0xldmVsczoKICAgICAgICBjbGFzczogUHJvdmlzaW9uCiAgICAgICAgbHRtOiBub21pbmFsCiAgICAgICAgYXNtOiBub21pbmFsCiAgICAgIGFkbWluOgogICAgICAgIGNsYXNzOiBVc2VyCiAgICAgICAgc2hlbGw6IGJhc2gKICAgICAgICB1c2VyVHlwZTogcmVndWxhcgogICAgICBteUxpY2Vuc2U6CiAgICAgICAgY2xhc3M6IExpY2Vuc2UKICAgICAgICBsaWNlbnNlVHlwZTogcmVnS2V5CiAgICAgICAgcmVnS2V5OiBISVlMSi1aUVRLVi1PTFRTRS1NRVlXSC1JTUtYTlFQCiAgICAgICAgb3ZlcndyaXRlOiB0cnVlCiAgICAgIGludGVybmFsOgogICAgICAgIGNsYXNzOiBWTEFOCiAgICAgICAgdGFnOiA0MDkzCiAgICAgICAgbXR1OiAxNTAwCiAgICAgICAgaW50ZXJmYWNlczoKICAgICAgICAgIC0gbmFtZTogMS4yCiAgICAgICAgICAgIHRhZ2dlZDogZmFsc2UKICAgICAgZXh0ZXJuYWw6CiAgICAgICAgY2xhc3M6IFZMQU4KICAgICAgICB0YWc6IDQwOTQKICAgICAgICBtdHU6IDE1MDAKICAgICAgICBpbnRlcmZhY2VzOgogICAgICAgICAgLSBuYW1lOiAxLjEKICAgICAgICAgICAgdGFnZ2VkOiBmYWxzZQogICAgICBpbnRlcm5hbF9zZWxmOgogICAgICAgIGNsYXNzOiBTZWxmSXAKICAgICAgICBhZGRyZXNzOiAxMC4wLjEuNS8yNAogICAgICAgIHZsYW46IGludGVybmFsCiAgICAgICAgYWxsb3dTZXJ2aWNlOiBkZWZhdWx0CiAgICAgICAgdHJhZmZpY0dyb3VwOiB0cmFmZmljLWdyb3VwLWxvY2FsLW9ubHkKICAgICAgZXh0ZXJuYWxfc2VsZjoKICAgICAgICBjbGFzczogU2VsZklwCiAgICAgICAgYWRkcmVzczogMTAuMC4yLjUvMjQKICAgICAgICB2bGFuOiBleHRlcm5hbAogICAgICAgIGFsbG93U2VydmljZTogbm9uZQogICAgICAgIHRyYWZmaWNHcm91cDogdHJhZmZpYy1ncm91cC1sb2NhbC1vbmx5IAogICAgICBjb25maWdzeW5jOgogICAgICAgIGNsYXNzOiBDb25maWdTeW5jCiAgICAgICAgY29uZmlnc3luY0lwOiAvQ29tbW9uL2ludGVybmFsX3NlbGYvYWRkcmVzcwogICAgICBmYWlsb3ZlckFkZHJlc3M6CiAgICAgICAgY2xhc3M6IEZhaWxvdmVyVW5pY2FzdAogICAgICAgIGFkZHJlc3M6IC9Db21tb24vaW50ZXJuYWxfc2VsZi9hZGRyZXNzCiAgICAgIGZhaWxvdmVyR3JvdXA6CiAgICAgICAgY2xhc3M6IERldmljZUdyb3VwCiAgICAgICAgdHlwZTogc3luYy1mYWlsb3ZlcgogICAgICAgIG1lbWJlcnM6CiAgICAgICAgICAtIDEwLjAuMS41IAogICAgICAgICAgLSAxMC4wLjEuNAogICAgICAgIG93bmVyOiAvQ29tbW9uL2ZhaWxvdmVyR3JvdXAvbWVtYmVycy8wCiAgICAgICAgYXV0b1N5bmM6IHRydWUKICAgICAgICBzYXZlT25BdXRvU3luYzogZmFsc2UKICAgICAgICBuZXR3b3JrRmFpbG92ZXI6IHRydWUKICAgICAgICBmdWxsTG9hZE9uU3luYzogZmFsc2UKICAgICAgICBhc21TeW5jOiB0cnVlCiAgICAgIHRydXN0OgogICAgICAgIGNsYXNzOiBEZXZpY2VUcnVzdAogICAgICAgIGxvY2FsVXNlcm5hbWU6IGY1YWRtaW4KICAgICAgICBsb2NhbFBhc3N3b3JkOiBmZUtZYVNZOmo2NV9kUWs9UkxsUDBYCiAgICAgICAgcmVtb3RlSG9zdDogMTAuMC4xLjUKICAgICAgICByZW1vdGVVc2VybmFtZTogZjVhZG1pbgogICAgICAgIHJlbW90ZVBhc3N3b3JkOiBmZUtZYVNZOmo2NV9kUWs9UkxsUDBY",
            "dedicated_host_id": "",
            "disable_password_authentication": false,
            "encryption_at_host_enabled": false,
            "eviction_policy": "",
            "extensions_time_budget": "PT1H30M",
            "id": "/subscriptions/fb68876b-4b4b-4f31-bf78-605e8d18cc2d/resourceGroups/test_vp_demo_westus2/providers/Microsoft.Compute/virtualMachines/EXOTEST-LTM-0",
            "identity": [],
            "license_type": "",
            "location": "westus2",
            "max_bid_price": -1,
            "name": "EXOTEST-LTM-0",
            "network_interface_ids": [
              "/subscriptions/fb68876b-4b4b-4f31-bf78-605e8d18cc2d/resourceGroups/test_vp_demo_westus2/providers/Microsoft.Network/networkInterfaces/mgmt-nic-0",
              "/subscriptions/fb68876b-4b4b-4f31-bf78-605e8d18cc2d/resourceGroups/test_vp_demo_westus2/providers/Microsoft.Network/networkInterfaces/external-nic-0",
              "/subscriptions/fb68876b-4b4b-4f31-bf78-605e8d18cc2d/resourceGroups/test_vp_demo_westus2/providers/Microsoft.Network/networkInterfaces/internal-nic-0"
            ],
            "os_disk": [
              {
                "caching": "ReadWrite",
                "diff_disk_settings": [],
                "disk_encryption_set_id": "",
                "disk_size_gb": 250,
                "name": "LTM_disk-0",
                "storage_account_type": "Premium_LRS",
                "write_accelerator_enabled": false
              }
            ],
            "plan": [
              {
                "name": "f5-big-all-1slot-byol",
                "product": "f5-big-ip-byol",
                "publisher": "f5-networks"
              }
            ],
            "platform_fault_domain": -1,
            "priority": "Regular",
            "private_ip_address": "10.0.3.5",
            "private_ip_addresses": [
              "10.0.3.5",
              "10.0.2.5",
              "10.0.1.5"
            ],
            "provision_vm_agent": true,
            "proximity_placement_group_id": "",
            "public_ip_address": "20.64.169.88",
            "public_ip_addresses": [
              "20.64.169.88"
            ],
            "resource_group_name": "test_vp_demo_westus2",
            "secret": [],
            "size": "Standard_DS5_v2",
            "source_image_id": "",
            "source_image_reference": [
              {
                "offer": "f5-big-ip-byol",
                "publisher": "f5-networks",
                "sku": "f5-big-all-1slot-byol",
                "version": "latest"
              }
            ],
            "tags": null,
            "timeouts": null,
            "virtual_machine_id": "8363cf62-5562-40b7-902a-9ffc8a58cd4c",
            "virtual_machine_scale_set_id": "",
            "zone": "1"
          },
          "sensitive_attributes": [],
          "private": "eyJlMmJmYjczMC1lY2FhLTExZTYtOGY4OC0zNDM2M2JjN2M0YzAiOnsiY3JlYXRlIjoyNzAwMDAwMDAwMDAwLCJkZWxldGUiOjI3MDAwMDAwMDAwMDAsInJlYWQiOjMwMDAwMDAwMDAwMCwidXBkYXRlIjoyNzAwMDAwMDAwMDAwfX0=",
          "dependencies": [
            "azurerm_network_interface.external",
            "azurerm_network_interface.internal",
            "azurerm_network_interface.mgmt",
            "azurerm_public_ip.mgmt_pip",
            "azurerm_resource_group.rg",
            "azurerm_virtual_network.vnet",
            "data.template_file.vm_onboard",
            "random_integer.password-length",
            "random_password.bigippassword"
          ]
        },
        {
          "index_key": 1,
          "schema_version": 0,
          "attributes": {
            "additional_capabilities": [],
            "admin_password": "feKYaSY:j65_dQk=RLlP0X",
            "admin_ssh_key": [],
            "admin_username": "f5admin",
            "allow_extension_operations": true,
            "availability_set_id": "",
            "boot_diagnostics": [],
            "computer_name": "EXOTEST-LTM-1",
            "custom_data": "I2Nsb3VkLWNvbmZpZwp3cml0ZV9maWxlczoKLSBjb250ZW50OiB8CiAgICAjIS9iaW4vYmFzaAoKICAgICAgZWNobyAiVGhpcyBpcyBpbnN0YWxsYXRpb24gaXMgZG9uZSB3aXRoIGNsb3VkLWluaXQgY29uZmlndXJlZCBieSByZW1vQGY1LmNvbSIgPj4gL3Zhci90bXAvY2xvdWQtaW5pdC1vdXRwdXQKCiAgICAjIFdhaXQgZm9yIE1DUEQgdG8gYmUgdXAgYmVmb3JlIHJ1bm5pbmcgdG1zaCBjb21tYW5kcwogICAgICBzb3VyY2UgL3Vzci9saWIvYmlnc3RhcnQvYmlnaXAtcmVhZHktZnVuY3Rpb25zCiAgICAgIHdhaXRfYmlnaXBfcmVhZHkKCiAgICAgICAgIyAgQmVnaW4gQklHLUlQIGNvbmZpZ3VyYXRpb24KICAgICAgICB0bXNoIG1vZGlmeSBzeXMgZGlzayBkaXJlY3RvcnkgL2FwcGRhdGEgbmV3LXNpemUgMjUwMDAwMDAKICAgICAgICB0bXNoIG1vZGlmeSAvc3lzIGdsb2JhbC1zZXR0aW5ncyBtZ210LWRoY3AgZGlzYWJsZWQKICAgICAgICB0bXNoIG1vZGlmeSAvc3lzIGdsb2JhbC1zZXR0aW5ncyBndWktc2V0dXAgZGlzYWJsZWQKICAgICAgICB0bXNoIG1vZGlmeSAvc3lzIHNzaGQgYmFubmVyIGVuYWJsZWQgYmFubmVyLXRleHQgJ0NvbmZpZ3VyZWQgdmlhIEF1dG9tYXRpb24uIEFsbCBTZXNzaW9ucyB3aWxsIGJlIHJlY29yZGVkIScKICAgICAgICB0bXNoIG1vZGlmeSAvc3lzIGdsb2JhbC1zZXR0aW5ncyBndWktc2VjdXJpdHktYmFubmVyLXRleHQgJ0NvbmZpZ3VyZWQgdmlhIEF1dG9tYXRpb24hJwogICAgICAgIHRtc2ggbW9kaWZ5IGFuYWx5dGljcyBnbG9iYWwtc2V0dGluZ3MgXHsgb2ZmYm94LXByb3RvY29sIHRjcCBvZmZib3gtdGNwLWFkZHJlc3NlcyBhZGQgXHsgMTI3LjAuMC4xIFx9IG9mZmJveC10Y3AtcG9ydCA2NTE0IHVzZS1vZmZib3ggZW5hYmxlZCBcfQogICAgICAgIHRtc2ggc2F2ZSAvc3lzIGNvbmZpZwoKICBwYXRoOiAvY29uZmlnL2N1c3RvbS1jb25maWcuc2gKICBwZXJtaXNzaW9uczogJzA3NTUnCiAgb3duZXI6IHJvb3Q6cm9vdAogIGFwcGVuZDogdHJ1ZQotIGNvbnRlbnQ6CiAgICBwYXRoOiAvdmFyL3RtcC9ib290Y21kX2VuZAogICAgb3duZXI6IHJvb3Q6cm9vdAogICAgcGVybWlzc2lvbnM6ICcwNjQ0JwpydW5jbWQ6CiAgLSAvY29uZmlnL2N1c3RvbS1jb25maWcuc2ggJgp0bW9zX2RlY2xhcmVkOgogIGVuYWJsZWQ6IHRydWUKICBpY29udHJvbGx4X3RydXN0ZWRfc291cmNlczogZmFsc2UKICBpY29udHJvbGx4X3BhY2thZ2VfdXJsczoKICAgIC0gaHR0cHM6Ly9naXRodWIuY29tL0Y1TmV0d29ya3MvZjUtZGVjbGFyYXRpdmUtb25ib2FyZGluZy9yZWxlYXNlcy9kb3dubG9hZC92MS4yMC4wL2Y1LWRlY2xhcmF0aXZlLW9uYm9hcmRpbmctMS4yMC4wLTIubm9hcmNoLnJwbQogICAgLSBodHRwczovL2dpdGh1Yi5jb20vRjVOZXR3b3Jrcy9mNS1hcHBzdmNzLWV4dGVuc2lvbi9yZWxlYXNlcy9kb3dubG9hZC92My4yNy4wL2Y1LWFwcHN2Y3MtMy4yNy4wLTMubm9hcmNoLnJwbQogICAgLSBodHRwczovL2dpdGh1Yi5jb20vRjVOZXR3b3Jrcy9mNS10ZWxlbWV0cnktc3RyZWFtaW5nL3JlbGVhc2VzL2Rvd25sb2FkL3YxLjE5LjAvZjUtdGVsZW1ldHJ5LTEuMTkuMC0zLm5vYXJjaC5ycG0KICAgIC0gaHR0cHM6Ly9naXRodWIuY29tL0Y1TmV0d29ya3MvZjUtYXBwc3Zjcy10ZW1wbGF0ZXMvcmVsZWFzZXMvZG93bmxvYWQvdjEuOC4wL2Y1LWFwcHN2Y3MtdGVtcGxhdGVzLTEuOC4wLTEubm9hcmNoLnJwbQogIGRvX2RlY2xhcmF0aW9uOgogICAgc2NoZW1hVmVyc2lvbjogMS4wLjAKICAgIGNsYXNzOiBEZXZpY2UKICAgIGFzeW5jOiB0cnVlCiAgICBsYWJlbDogQ2xvdWRpbml0IE9uYm9hcmRpbmcKICAgIENvbW1vbjoKICAgICAgaG9zdG5hbWU6IHZwMS53ZXN0dXMyLmNsb3VkYXBwLmF6dXJlLmNvbQogICAgICBjbGFzczogVGVuYW50CiAgICAgIHByb3Zpc2lvbmluZ0xldmVsczoKICAgICAgICBjbGFzczogUHJvdmlzaW9uCiAgICAgICAgbHRtOiBub21pbmFsCiAgICAgICAgYXNtOiBub21pbmFsCiAgICAgIGFkbWluOgogICAgICAgIGNsYXNzOiBVc2VyCiAgICAgICAgc2hlbGw6IGJhc2gKICAgICAgICB1c2VyVHlwZTogcmVndWxhcgogICAgICBteUxpY2Vuc2U6CiAgICAgICAgY2xhc3M6IExpY2Vuc2UKICAgICAgICBsaWNlbnNlVHlwZTogcmVnS2V5CiAgICAgICAgcmVnS2V5OiBHUUlDWS1PVk1FRy1ZWVVURS1YSFVESi1QTUhUWVhZCiAgICAgICAgb3ZlcndyaXRlOiB0cnVlCiAgICAgIGludGVybmFsOgogICAgICAgIGNsYXNzOiBWTEFOCiAgICAgICAgdGFnOiA0MDkzCiAgICAgICAgbXR1OiAxNTAwCiAgICAgICAgaW50ZXJmYWNlczoKICAgICAgICAgIC0gbmFtZTogMS4yCiAgICAgICAgICAgIHRhZ2dlZDogZmFsc2UKICAgICAgZXh0ZXJuYWw6CiAgICAgICAgY2xhc3M6IFZMQU4KICAgICAgICB0YWc6IDQwOTQKICAgICAgICBtdHU6IDE1MDAKICAgICAgICBpbnRlcmZhY2VzOgogICAgICAgICAgLSBuYW1lOiAxLjEKICAgICAgICAgICAgdGFnZ2VkOiBmYWxzZQogICAgICBpbnRlcm5hbF9zZWxmOgogICAgICAgIGNsYXNzOiBTZWxmSXAKICAgICAgICBhZGRyZXNzOiAxMC4wLjEuNC8yNAogICAgICAgIHZsYW46IGludGVybmFsCiAgICAgICAgYWxsb3dTZXJ2aWNlOiBkZWZhdWx0CiAgICAgICAgdHJhZmZpY0dyb3VwOiB0cmFmZmljLWdyb3VwLWxvY2FsLW9ubHkKICAgICAgZXh0ZXJuYWxfc2VsZjoKICAgICAgICBjbGFzczogU2VsZklwCiAgICAgICAgYWRkcmVzczogMTAuMC4yLjQvMjQKICAgICAgICB2bGFuOiBleHRlcm5hbAogICAgICAgIGFsbG93U2VydmljZTogbm9uZQogICAgICAgIHRyYWZmaWNHcm91cDogdHJhZmZpYy1ncm91cC1sb2NhbC1vbmx5IAogICAgICBjb25maWdzeW5jOgogICAgICAgIGNsYXNzOiBDb25maWdTeW5jCiAgICAgICAgY29uZmlnc3luY0lwOiAvQ29tbW9uL2ludGVybmFsX3NlbGYvYWRkcmVzcwogICAgICBmYWlsb3ZlckFkZHJlc3M6CiAgICAgICAgY2xhc3M6IEZhaWxvdmVyVW5pY2FzdAogICAgICAgIGFkZHJlc3M6IC9Db21tb24vaW50ZXJuYWxfc2VsZi9hZGRyZXNzCiAgICAgIGZhaWxvdmVyR3JvdXA6CiAgICAgICAgY2xhc3M6IERldmljZUdyb3VwCiAgICAgICAgdHlwZTogc3luYy1mYWlsb3ZlcgogICAgICAgIG1lbWJlcnM6CiAgICAgICAgICAtIDEwLjAuMS41IAogICAgICAgICAgLSAxMC4wLjEuNAogICAgICAgIG93bmVyOiAvQ29tbW9uL2ZhaWxvdmVyR3JvdXAvbWVtYmVycy8wCiAgICAgICAgYXV0b1N5bmM6IHRydWUKICAgICAgICBzYXZlT25BdXRvU3luYzogZmFsc2UKICAgICAgICBuZXR3b3JrRmFpbG92ZXI6IHRydWUKICAgICAgICBmdWxsTG9hZE9uU3luYzogZmFsc2UKICAgICAgICBhc21TeW5jOiB0cnVlCiAgICAgIHRydXN0OgogICAgICAgIGNsYXNzOiBEZXZpY2VUcnVzdAogICAgICAgIGxvY2FsVXNlcm5hbWU6IGY1YWRtaW4KICAgICAgICBsb2NhbFBhc3N3b3JkOiBmZUtZYVNZOmo2NV9kUWs9UkxsUDBYCiAgICAgICAgcmVtb3RlSG9zdDogMTAuMC4xLjUKICAgICAgICByZW1vdGVVc2VybmFtZTogZjVhZG1pbgogICAgICAgIHJlbW90ZVBhc3N3b3JkOiBmZUtZYVNZOmo2NV9kUWs9UkxsUDBY",
            "dedicated_host_id": "",
            "disable_password_authentication": false,
            "encryption_at_host_enabled": false,
            "eviction_policy": "",
            "extensions_time_budget": "PT1H30M",
            "id": "/subscriptions/fb68876b-4b4b-4f31-bf78-605e8d18cc2d/resourceGroups/test_vp_demo_westus2/providers/Microsoft.Compute/virtualMachines/EXOTEST-LTM-1",
            "identity": [],
            "license_type": "",
            "location": "westus2",
            "max_bid_price": -1,
            "name": "EXOTEST-LTM-1",
            "network_interface_ids": [
              "/subscriptions/fb68876b-4b4b-4f31-bf78-605e8d18cc2d/resourceGroups/test_vp_demo_westus2/providers/Microsoft.Network/networkInterfaces/mgmt-nic-1",
              "/subscriptions/fb68876b-4b4b-4f31-bf78-605e8d18cc2d/resourceGroups/test_vp_demo_westus2/providers/Microsoft.Network/networkInterfaces/external-nic-1",
              "/subscriptions/fb68876b-4b4b-4f31-bf78-605e8d18cc2d/resourceGroups/test_vp_demo_westus2/providers/Microsoft.Network/networkInterfaces/internal-nic-1"
            ],
            "os_disk": [
              {
                "caching": "ReadWrite",
                "diff_disk_settings": [],
                "disk_encryption_set_id": "",
                "disk_size_gb": 250,
                "name": "LTM_disk-1",
                "storage_account_type": "Premium_LRS",
                "write_accelerator_enabled": false
              }
            ],
            "plan": [
              {
                "name": "f5-big-all-1slot-byol",
                "product": "f5-big-ip-byol",
                "publisher": "f5-networks"
              }
            ],
            "platform_fault_domain": -1,
            "priority": "Regular",
            "private_ip_address": "10.0.3.4",
            "private_ip_addresses": [
              "10.0.3.4",
              "10.0.2.4",
              "10.0.1.4"
            ],
            "provision_vm_agent": true,
            "proximity_placement_group_id": "",
            "public_ip_address": "20.64.169.106",
            "public_ip_addresses": [
              "20.64.169.106"
            ],
            "resource_group_name": "test_vp_demo_westus2",
            "secret": [],
            "size": "Standard_DS5_v2",
            "source_image_id": "",
            "source_image_reference": [
              {
                "offer": "f5-big-ip-byol",
                "publisher": "f5-networks",
                "sku": "f5-big-all-1slot-byol",
                "version": "latest"
              }
            ],
            "tags": null,
            "timeouts": null,
            "virtual_machine_id": "9e8d3a2d-b2b8-4be8-a043-ad4db4b9a993",
            "virtual_machine_scale_set_id": "",
            "zone": "1"
          },
          "sensitive_attributes": [],
          "private": "eyJlMmJmYjczMC1lY2FhLTExZTYtOGY4OC0zNDM2M2JjN2M0YzAiOnsiY3JlYXRlIjoyNzAwMDAwMDAwMDAwLCJkZWxldGUiOjI3MDAwMDAwMDAwMDAsInJlYWQiOjMwMDAwMDAwMDAwMCwidXBkYXRlIjoyNzAwMDAwMDAwMDAwfX0=",
          "dependencies": [
            "azurerm_network_interface.external",
            "azurerm_network_interface.internal",
            "azurerm_network_interface.mgmt",
            "azurerm_public_ip.mgmt_pip",
            "azurerm_resource_group.rg",
            "azurerm_virtual_network.vnet",
            "data.template_file.vm_onboard",
            "random_integer.password-length",
            "random_password.bigippassword"
          ]
        }
      ]
    },
    {
      "mode": "managed",
      "type": "azurerm_network_interface",
      "name": "external",
      "provider": "provider[\"registry.terraform.io/hashicorp/azurerm\"]",
      "instances": [
        {
          "index_key": 0,
          "schema_version": 0,
          "attributes": {
            "applied_dns_servers": [],
            "dns_servers": [],
            "enable_accelerated_networking": false,
            "enable_ip_forwarding": false,
            "id": "/subscriptions/fb68876b-4b4b-4f31-bf78-605e8d18cc2d/resourceGroups/test_vp_demo_westus2/providers/Microsoft.Network/networkInterfaces/external-nic-0",
            "internal_dns_name_label": "",
            "internal_domain_name_suffix": "vzlkhvvgxbkexcphzv3eyqccbb.xx.internal.cloudapp.net",
            "ip_configuration": [
              {
                "name": "primary",
                "primary": true,
                "private_ip_address": "10.0.2.5",
                "private_ip_address_allocation": "Dynamic",
                "private_ip_address_version": "IPv4",
                "public_ip_address_id": "",
                "subnet_id": "/subscriptions/fb68876b-4b4b-4f31-bf78-605e8d18cc2d/resourceGroups/test_vp_demo_westus2/providers/Microsoft.Network/virtualNetworks/test_vp_demo_westus2_vnet/subnets/external"
              }
            ],
            "location": "westus2",
            "mac_address": "",
            "name": "external-nic-0",
            "private_ip_address": "10.0.2.5",
            "private_ip_addresses": [
              "10.0.2.5"
            ],
            "resource_group_name": "test_vp_demo_westus2",
            "tags": null,
            "timeouts": null,
            "virtual_machine_id": ""
          },
          "sensitive_attributes": [],
          "private": "eyJlMmJmYjczMC1lY2FhLTExZTYtOGY4OC0zNDM2M2JjN2M0YzAiOnsiY3JlYXRlIjoxODAwMDAwMDAwMDAwLCJkZWxldGUiOjE4MDAwMDAwMDAwMDAsInJlYWQiOjMwMDAwMDAwMDAwMCwidXBkYXRlIjoxODAwMDAwMDAwMDAwfX0=",
          "dependencies": [
            "azurerm_resource_group.rg",
            "azurerm_virtual_network.vnet"
          ]
        },
        {
          "index_key": 1,
          "schema_version": 0,
          "attributes": {
            "applied_dns_servers": [],
            "dns_servers": [],
            "enable_accelerated_networking": false,
            "enable_ip_forwarding": false,
            "id": "/subscriptions/fb68876b-4b4b-4f31-bf78-605e8d18cc2d/resourceGroups/test_vp_demo_westus2/providers/Microsoft.Network/networkInterfaces/external-nic-1",
            "internal_dns_name_label": "",
            "internal_domain_name_suffix": "vzlkhvvgxbkexcphzv3eyqccbb.xx.internal.cloudapp.net",
            "ip_configuration": [
              {
                "name": "primary",
                "primary": true,
                "private_ip_address": "10.0.2.4",
                "private_ip_address_allocation": "Dynamic",
                "private_ip_address_version": "IPv4",
                "public_ip_address_id": "",
                "subnet_id": "/subscriptions/fb68876b-4b4b-4f31-bf78-605e8d18cc2d/resourceGroups/test_vp_demo_westus2/providers/Microsoft.Network/virtualNetworks/test_vp_demo_westus2_vnet/subnets/external"
              }
            ],
            "location": "westus2",
            "mac_address": "",
            "name": "external-nic-1",
            "private_ip_address": "10.0.2.4",
            "private_ip_addresses": [
              "10.0.2.4"
            ],
            "resource_group_name": "test_vp_demo_westus2",
            "tags": null,
            "timeouts": null,
            "virtual_machine_id": ""
          },
          "sensitive_attributes": [],
          "private": "eyJlMmJmYjczMC1lY2FhLTExZTYtOGY4OC0zNDM2M2JjN2M0YzAiOnsiY3JlYXRlIjoxODAwMDAwMDAwMDAwLCJkZWxldGUiOjE4MDAwMDAwMDAwMDAsInJlYWQiOjMwMDAwMDAwMDAwMCwidXBkYXRlIjoxODAwMDAwMDAwMDAwfX0=",
          "dependencies": [
            "azurerm_resource_group.rg",
            "azurerm_virtual_network.vnet"
          ]
        }
      ]
    },
    {
      "mode": "managed",
      "type": "azurerm_network_interface",
      "name": "internal",
      "provider": "provider[\"registry.terraform.io/hashicorp/azurerm\"]",
      "instances": [
        {
          "index_key": 0,
          "schema_version": 0,
          "attributes": {
            "applied_dns_servers": [],
            "dns_servers": [],
            "enable_accelerated_networking": false,
            "enable_ip_forwarding": false,
            "id": "/subscriptions/fb68876b-4b4b-4f31-bf78-605e8d18cc2d/resourceGroups/test_vp_demo_westus2/providers/Microsoft.Network/networkInterfaces/internal-nic-0",
            "internal_dns_name_label": "",
            "internal_domain_name_suffix": "vzlkhvvgxbkexcphzv3eyqccbb.xx.internal.cloudapp.net",
            "ip_configuration": [
              {
                "name": "primary",
                "primary": true,
                "private_ip_address": "10.0.1.5",
                "private_ip_address_allocation": "Dynamic",
                "private_ip_address_version": "IPv4",
                "public_ip_address_id": "",
                "subnet_id": "/subscriptions/fb68876b-4b4b-4f31-bf78-605e8d18cc2d/resourceGroups/test_vp_demo_westus2/providers/Microsoft.Network/virtualNetworks/test_vp_demo_westus2_vnet/subnets/internal"
              }
            ],
            "location": "westus2",
            "mac_address": "",
            "name": "internal-nic-0",
            "private_ip_address": "10.0.1.5",
            "private_ip_addresses": [
              "10.0.1.5"
            ],
            "resource_group_name": "test_vp_demo_westus2",
            "tags": null,
            "timeouts": null,
            "virtual_machine_id": ""
          },
          "sensitive_attributes": [],
          "private": "eyJlMmJmYjczMC1lY2FhLTExZTYtOGY4OC0zNDM2M2JjN2M0YzAiOnsiY3JlYXRlIjoxODAwMDAwMDAwMDAwLCJkZWxldGUiOjE4MDAwMDAwMDAwMDAsInJlYWQiOjMwMDAwMDAwMDAwMCwidXBkYXRlIjoxODAwMDAwMDAwMDAwfX0=",
          "dependencies": [
            "azurerm_resource_group.rg",
            "azurerm_virtual_network.vnet"
          ]
        },
        {
          "index_key": 1,
          "schema_version": 0,
          "attributes": {
            "applied_dns_servers": [],
            "dns_servers": [],
            "enable_accelerated_networking": false,
            "enable_ip_forwarding": false,
            "id": "/subscriptions/fb68876b-4b4b-4f31-bf78-605e8d18cc2d/resourceGroups/test_vp_demo_westus2/providers/Microsoft.Network/networkInterfaces/internal-nic-1",
            "internal_dns_name_label": "",
            "internal_domain_name_suffix": "vzlkhvvgxbkexcphzv3eyqccbb.xx.internal.cloudapp.net",
            "ip_configuration": [
              {
                "name": "primary",
                "primary": true,
                "private_ip_address": "10.0.1.4",
                "private_ip_address_allocation": "Dynamic",
                "private_ip_address_version": "IPv4",
                "public_ip_address_id": "",
                "subnet_id": "/subscriptions/fb68876b-4b4b-4f31-bf78-605e8d18cc2d/resourceGroups/test_vp_demo_westus2/providers/Microsoft.Network/virtualNetworks/test_vp_demo_westus2_vnet/subnets/internal"
              }
            ],
            "location": "westus2",
            "mac_address": "",
            "name": "internal-nic-1",
            "private_ip_address": "10.0.1.4",
            "private_ip_addresses": [
              "10.0.1.4"
            ],
            "resource_group_name": "test_vp_demo_westus2",
            "tags": null,
            "timeouts": null,
            "virtual_machine_id": ""
          },
          "sensitive_attributes": [],
          "private": "eyJlMmJmYjczMC1lY2FhLTExZTYtOGY4OC0zNDM2M2JjN2M0YzAiOnsiY3JlYXRlIjoxODAwMDAwMDAwMDAwLCJkZWxldGUiOjE4MDAwMDAwMDAwMDAsInJlYWQiOjMwMDAwMDAwMDAwMCwidXBkYXRlIjoxODAwMDAwMDAwMDAwfX0=",
          "dependencies": [
            "azurerm_resource_group.rg",
            "azurerm_virtual_network.vnet"
          ]
        }
      ]
    },
    {
      "mode": "managed",
      "type": "azurerm_network_interface",
      "name": "mgmt",
      "provider": "provider[\"registry.terraform.io/hashicorp/azurerm\"]",
      "instances": [
        {
          "index_key": 0,
          "schema_version": 0,
          "attributes": {
            "applied_dns_servers": [],
            "dns_servers": [],
            "enable_accelerated_networking": false,
            "enable_ip_forwarding": false,
            "id": "/subscriptions/fb68876b-4b4b-4f31-bf78-605e8d18cc2d/resourceGroups/test_vp_demo_westus2/providers/Microsoft.Network/networkInterfaces/mgmt-nic-0",
            "internal_dns_name_label": "",
            "internal_domain_name_suffix": "vzlkhvvgxbkexcphzv3eyqccbb.xx.internal.cloudapp.net",
            "ip_configuration": [
              {
                "name": "primary",
                "primary": true,
                "private_ip_address": "10.0.3.5",
                "private_ip_address_allocation": "Dynamic",
                "private_ip_address_version": "IPv4",
                "public_ip_address_id": "/subscriptions/fb68876b-4b4b-4f31-bf78-605e8d18cc2d/resourceGroups/test_vp_demo_westus2/providers/Microsoft.Network/publicIPAddresses/mgmt-pip-0",
                "subnet_id": "/subscriptions/fb68876b-4b4b-4f31-bf78-605e8d18cc2d/resourceGroups/test_vp_demo_westus2/providers/Microsoft.Network/virtualNetworks/test_vp_demo_westus2_vnet/subnets/mgmt"
              }
            ],
            "location": "westus2",
            "mac_address": "",
            "name": "mgmt-nic-0",
            "private_ip_address": "10.0.3.5",
            "private_ip_addresses": [
              "10.0.3.5"
            ],
            "resource_group_name": "test_vp_demo_westus2",
            "tags": null,
            "timeouts": null,
            "virtual_machine_id": ""
          },
          "sensitive_attributes": [],
          "private": "eyJlMmJmYjczMC1lY2FhLTExZTYtOGY4OC0zNDM2M2JjN2M0YzAiOnsiY3JlYXRlIjoxODAwMDAwMDAwMDAwLCJkZWxldGUiOjE4MDAwMDAwMDAwMDAsInJlYWQiOjMwMDAwMDAwMDAwMCwidXBkYXRlIjoxODAwMDAwMDAwMDAwfX0=",
          "dependencies": [
            "azurerm_public_ip.mgmt_pip",
            "azurerm_resource_group.rg",
            "azurerm_virtual_network.vnet"
          ]
        },
        {
          "index_key": 1,
          "schema_version": 0,
          "attributes": {
            "applied_dns_servers": [],
            "dns_servers": [],
            "enable_accelerated_networking": false,
            "enable_ip_forwarding": false,
            "id": "/subscriptions/fb68876b-4b4b-4f31-bf78-605e8d18cc2d/resourceGroups/test_vp_demo_westus2/providers/Microsoft.Network/networkInterfaces/mgmt-nic-1",
            "internal_dns_name_label": "",
            "internal_domain_name_suffix": "vzlkhvvgxbkexcphzv3eyqccbb.xx.internal.cloudapp.net",
            "ip_configuration": [
              {
                "name": "primary",
                "primary": true,
                "private_ip_address": "10.0.3.4",
                "private_ip_address_allocation": "Dynamic",
                "private_ip_address_version": "IPv4",
                "public_ip_address_id": "/subscriptions/fb68876b-4b4b-4f31-bf78-605e8d18cc2d/resourceGroups/test_vp_demo_westus2/providers/Microsoft.Network/publicIPAddresses/mgmt-pip-1",
                "subnet_id": "/subscriptions/fb68876b-4b4b-4f31-bf78-605e8d18cc2d/resourceGroups/test_vp_demo_westus2/providers/Microsoft.Network/virtualNetworks/test_vp_demo_westus2_vnet/subnets/mgmt"
              }
            ],
            "location": "westus2",
            "mac_address": "",
            "name": "mgmt-nic-1",
            "private_ip_address": "10.0.3.4",
            "private_ip_addresses": [
              "10.0.3.4"
            ],
            "resource_group_name": "test_vp_demo_westus2",
            "tags": null,
            "timeouts": null,
            "virtual_machine_id": ""
          },
          "sensitive_attributes": [],
          "private": "eyJlMmJmYjczMC1lY2FhLTExZTYtOGY4OC0zNDM2M2JjN2M0YzAiOnsiY3JlYXRlIjoxODAwMDAwMDAwMDAwLCJkZWxldGUiOjE4MDAwMDAwMDAwMDAsInJlYWQiOjMwMDAwMDAwMDAwMCwidXBkYXRlIjoxODAwMDAwMDAwMDAwfX0=",
          "dependencies": [
            "azurerm_public_ip.mgmt_pip",
            "azurerm_resource_group.rg",
            "azurerm_virtual_network.vnet"
          ]
        }
      ]
    },
    {
      "mode": "managed",
      "type": "azurerm_network_interface_security_group_association",
      "name": "external",
      "provider": "provider[\"registry.terraform.io/hashicorp/azurerm\"]",
      "instances": [
        {
          "index_key": 0,
          "schema_version": 0,
          "attributes": {
            "id": "/subscriptions/fb68876b-4b4b-4f31-bf78-605e8d18cc2d/resourceGroups/test_vp_demo_westus2/providers/Microsoft.Network/networkInterfaces/external-nic-0|/subscriptions/fb68876b-4b4b-4f31-bf78-605e8d18cc2d/resourceGroups/test_vp_demo_westus2/providers/Microsoft.Network/networkSecurityGroups/external-nsg-0",
            "network_interface_id": "/subscriptions/fb68876b-4b4b-4f31-bf78-605e8d18cc2d/resourceGroups/test_vp_demo_westus2/providers/Microsoft.Network/networkInterfaces/external-nic-0",
            "network_security_group_id": "/subscriptions/fb68876b-4b4b-4f31-bf78-605e8d18cc2d/resourceGroups/test_vp_demo_westus2/providers/Microsoft.Network/networkSecurityGroups/external-nsg-0",
            "timeouts": null
          },
          "sensitive_attributes": [],
          "private": "eyJlMmJmYjczMC1lY2FhLTExZTYtOGY4OC0zNDM2M2JjN2M0YzAiOnsiY3JlYXRlIjoxODAwMDAwMDAwMDAwLCJkZWxldGUiOjE4MDAwMDAwMDAwMDAsInJlYWQiOjMwMDAwMDAwMDAwMCwidXBkYXRlIjoxODAwMDAwMDAwMDAwfX0=",
          "dependencies": [
            "azurerm_network_interface.external",
            "azurerm_network_security_group.external",
            "azurerm_resource_group.rg",
            "azurerm_route_table.outbound",
            "azurerm_virtual_network.vnet"
          ]
        },
        {
          "index_key": 1,
          "schema_version": 0,
          "attributes": {
            "id": "/subscriptions/fb68876b-4b4b-4f31-bf78-605e8d18cc2d/resourceGroups/test_vp_demo_westus2/providers/Microsoft.Network/networkInterfaces/external-nic-1|/subscriptions/fb68876b-4b4b-4f31-bf78-605e8d18cc2d/resourceGroups/test_vp_demo_westus2/providers/Microsoft.Network/networkSecurityGroups/external-nsg-1",
            "network_interface_id": "/subscriptions/fb68876b-4b4b-4f31-bf78-605e8d18cc2d/resourceGroups/test_vp_demo_westus2/providers/Microsoft.Network/networkInterfaces/external-nic-1",
            "network_security_group_id": "/subscriptions/fb68876b-4b4b-4f31-bf78-605e8d18cc2d/resourceGroups/test_vp_demo_westus2/providers/Microsoft.Network/networkSecurityGroups/external-nsg-1",
            "timeouts": null
          },
          "sensitive_attributes": [],
          "private": "eyJlMmJmYjczMC1lY2FhLTExZTYtOGY4OC0zNDM2M2JjN2M0YzAiOnsiY3JlYXRlIjoxODAwMDAwMDAwMDAwLCJkZWxldGUiOjE4MDAwMDAwMDAwMDAsInJlYWQiOjMwMDAwMDAwMDAwMCwidXBkYXRlIjoxODAwMDAwMDAwMDAwfX0=",
          "dependencies": [
            "azurerm_network_interface.external",
            "azurerm_network_security_group.external",
            "azurerm_resource_group.rg",
            "azurerm_route_table.outbound",
            "azurerm_virtual_network.vnet"
          ]
        }
      ]
    },
    {
      "mode": "managed",
      "type": "azurerm_network_interface_security_group_association",
      "name": "internal",
      "provider": "provider[\"registry.terraform.io/hashicorp/azurerm\"]",
      "instances": [
        {
          "index_key": 0,
          "schema_version": 0,
          "attributes": {
            "id": "/subscriptions/fb68876b-4b4b-4f31-bf78-605e8d18cc2d/resourceGroups/test_vp_demo_westus2/providers/Microsoft.Network/networkInterfaces/internal-nic-0|/subscriptions/fb68876b-4b4b-4f31-bf78-605e8d18cc2d/resourceGroups/test_vp_demo_westus2/providers/Microsoft.Network/networkSecurityGroups/internal-nsg-0",
            "network_interface_id": "/subscriptions/fb68876b-4b4b-4f31-bf78-605e8d18cc2d/resourceGroups/test_vp_demo_westus2/providers/Microsoft.Network/networkInterfaces/internal-nic-0",
            "network_security_group_id": "/subscriptions/fb68876b-4b4b-4f31-bf78-605e8d18cc2d/resourceGroups/test_vp_demo_westus2/providers/Microsoft.Network/networkSecurityGroups/internal-nsg-0",
            "timeouts": null
          },
          "sensitive_attributes": [],
          "private": "eyJlMmJmYjczMC1lY2FhLTExZTYtOGY4OC0zNDM2M2JjN2M0YzAiOnsiY3JlYXRlIjoxODAwMDAwMDAwMDAwLCJkZWxldGUiOjE4MDAwMDAwMDAwMDAsInJlYWQiOjMwMDAwMDAwMDAwMCwidXBkYXRlIjoxODAwMDAwMDAwMDAwfX0=",
          "dependencies": [
            "azurerm_network_interface.internal",
            "azurerm_network_security_group.internal",
            "azurerm_resource_group.rg",
            "azurerm_route_table.internal",
            "azurerm_virtual_network.vnet"
          ]
        },
        {
          "index_key": 1,
          "schema_version": 0,
          "attributes": {
            "id": "/subscriptions/fb68876b-4b4b-4f31-bf78-605e8d18cc2d/resourceGroups/test_vp_demo_westus2/providers/Microsoft.Network/networkInterfaces/internal-nic-1|/subscriptions/fb68876b-4b4b-4f31-bf78-605e8d18cc2d/resourceGroups/test_vp_demo_westus2/providers/Microsoft.Network/networkSecurityGroups/internal-nsg-1",
            "network_interface_id": "/subscriptions/fb68876b-4b4b-4f31-bf78-605e8d18cc2d/resourceGroups/test_vp_demo_westus2/providers/Microsoft.Network/networkInterfaces/internal-nic-1",
            "network_security_group_id": "/subscriptions/fb68876b-4b4b-4f31-bf78-605e8d18cc2d/resourceGroups/test_vp_demo_westus2/providers/Microsoft.Network/networkSecurityGroups/internal-nsg-1",
            "timeouts": null
          },
          "sensitive_attributes": [],
          "private": "eyJlMmJmYjczMC1lY2FhLTExZTYtOGY4OC0zNDM2M2JjN2M0YzAiOnsiY3JlYXRlIjoxODAwMDAwMDAwMDAwLCJkZWxldGUiOjE4MDAwMDAwMDAwMDAsInJlYWQiOjMwMDAwMDAwMDAwMCwidXBkYXRlIjoxODAwMDAwMDAwMDAwfX0=",
          "dependencies": [
            "azurerm_network_interface.internal",
            "azurerm_network_security_group.internal",
            "azurerm_resource_group.rg",
            "azurerm_route_table.internal",
            "azurerm_virtual_network.vnet"
          ]
        }
      ]
    },
    {
      "mode": "managed",
      "type": "azurerm_network_interface_security_group_association",
      "name": "mgmt",
      "provider": "provider[\"registry.terraform.io/hashicorp/azurerm\"]",
      "instances": [
        {
          "index_key": 0,
          "schema_version": 0,
          "attributes": {
            "id": "/subscriptions/fb68876b-4b4b-4f31-bf78-605e8d18cc2d/resourceGroups/test_vp_demo_westus2/providers/Microsoft.Network/networkInterfaces/mgmt-nic-0|/subscriptions/fb68876b-4b4b-4f31-bf78-605e8d18cc2d/resourceGroups/test_vp_demo_westus2/providers/Microsoft.Network/networkSecurityGroups/mgmt-nsg-0",
            "network_interface_id": "/subscriptions/fb68876b-4b4b-4f31-bf78-605e8d18cc2d/resourceGroups/test_vp_demo_westus2/providers/Microsoft.Network/networkInterfaces/mgmt-nic-0",
            "network_security_group_id": "/subscriptions/fb68876b-4b4b-4f31-bf78-605e8d18cc2d/resourceGroups/test_vp_demo_westus2/providers/Microsoft.Network/networkSecurityGroups/mgmt-nsg-0",
            "timeouts": null
          },
          "sensitive_attributes": [],
          "private": "eyJlMmJmYjczMC1lY2FhLTExZTYtOGY4OC0zNDM2M2JjN2M0YzAiOnsiY3JlYXRlIjoxODAwMDAwMDAwMDAwLCJkZWxldGUiOjE4MDAwMDAwMDAwMDAsInJlYWQiOjMwMDAwMDAwMDAwMCwidXBkYXRlIjoxODAwMDAwMDAwMDAwfX0=",
          "dependencies": [
            "azurerm_network_interface.external",
            "azurerm_network_interface.mgmt",
            "azurerm_network_security_group.mgmt",
            "azurerm_public_ip.mgmt_pip",
            "azurerm_resource_group.rg",
            "azurerm_route_table.outbound",
            "azurerm_virtual_network.vnet"
          ]
        },
        {
          "index_key": 1,
          "schema_version": 0,
          "attributes": {
            "id": "/subscriptions/fb68876b-4b4b-4f31-bf78-605e8d18cc2d/resourceGroups/test_vp_demo_westus2/providers/Microsoft.Network/networkInterfaces/mgmt-nic-1|/subscriptions/fb68876b-4b4b-4f31-bf78-605e8d18cc2d/resourceGroups/test_vp_demo_westus2/providers/Microsoft.Network/networkSecurityGroups/mgmt-nsg-1",
            "network_interface_id": "/subscriptions/fb68876b-4b4b-4f31-bf78-605e8d18cc2d/resourceGroups/test_vp_demo_westus2/providers/Microsoft.Network/networkInterfaces/mgmt-nic-1",
            "network_security_group_id": "/subscriptions/fb68876b-4b4b-4f31-bf78-605e8d18cc2d/resourceGroups/test_vp_demo_westus2/providers/Microsoft.Network/networkSecurityGroups/mgmt-nsg-1",
            "timeouts": null
          },
          "sensitive_attributes": [],
          "private": "eyJlMmJmYjczMC1lY2FhLTExZTYtOGY4OC0zNDM2M2JjN2M0YzAiOnsiY3JlYXRlIjoxODAwMDAwMDAwMDAwLCJkZWxldGUiOjE4MDAwMDAwMDAwMDAsInJlYWQiOjMwMDAwMDAwMDAwMCwidXBkYXRlIjoxODAwMDAwMDAwMDAwfX0=",
          "dependencies": [
            "azurerm_network_interface.external",
            "azurerm_network_interface.mgmt",
            "azurerm_network_security_group.mgmt",
            "azurerm_public_ip.mgmt_pip",
            "azurerm_resource_group.rg",
            "azurerm_route_table.outbound",
            "azurerm_virtual_network.vnet"
          ]
        }
      ]
    },
    {
      "mode": "managed",
      "type": "azurerm_network_security_group",
      "name": "external",
      "provider": "provider[\"registry.terraform.io/hashicorp/azurerm\"]",
      "instances": [
        {
          "index_key": 0,
          "schema_version": 0,
          "attributes": {
            "id": "/subscriptions/fb68876b-4b4b-4f31-bf78-605e8d18cc2d/resourceGroups/test_vp_demo_westus2/providers/Microsoft.Network/networkSecurityGroups/external-nsg-0",
            "location": "westus2",
            "name": "external-nsg-0",
            "resource_group_name": "test_vp_demo_westus2",
            "security_rule": [
              {
                "access": "Allow",
                "description": "443 outbound",
                "destination_address_prefix": "10.0.2.4",
                "destination_address_prefixes": [],
                "destination_application_security_group_ids": [],
                "destination_port_range": "*",
                "destination_port_ranges": [],
                "direction": "Outbound",
                "name": "HTTPSOutbound_external",
                "priority": 1100,
                "protocol": "TCP",
                "source_address_prefix": "10.0.1.0/25",
                "source_address_prefixes": [],
                "source_application_security_group_ids": [],
                "source_port_range": "443",
                "source_port_ranges": []
              },
              {
                "access": "Allow",
                "description": "Allow Internet outbound",
                "destination_address_prefix": "10.0.2.4",
                "destination_address_prefixes": [],
                "destination_application_security_group_ids": [],
                "destination_port_range": "*",
                "destination_port_ranges": [],
                "direction": "Outbound",
                "name": "AllowInternetOut_external",
                "priority": 1300,
                "protocol": "*",
                "source_address_prefix": "*",
                "source_address_prefixes": [],
                "source_application_security_group_ids": [],
                "source_port_range": "*",
                "source_port_ranges": []
              },
              {
                "access": "Allow",
                "description": "Allow vnet outbound",
                "destination_address_prefix": "VirtualNetwork",
                "destination_address_prefixes": [],
                "destination_application_security_group_ids": [],
                "destination_port_range": "*",
                "destination_port_ranges": [],
                "direction": "Outbound",
                "name": "AllowVnetOut_external",
                "priority": 1200,
                "protocol": "*",
                "source_address_prefix": "VirtualNetwork",
                "source_address_prefixes": [],
                "source_application_security_group_ids": [],
                "source_port_range": "*",
                "source_port_ranges": []
              },
              {
                "access": "Allow",
                "description": "SMTP outbound",
                "destination_address_prefix": "10.0.2.4",
                "destination_address_prefixes": [],
                "destination_application_security_group_ids": [],
                "destination_port_range": "*",
                "destination_port_ranges": [],
                "direction": "Outbound",
                "name": "SMTPOutbound_external",
                "priority": 1000,
                "protocol": "TCP",
                "source_address_prefix": "10.0.1.0/25",
                "source_address_prefixes": [],
                "source_application_security_group_ids": [],
                "source_port_range": "25",
                "source_port_ranges": []
              },
              {
                "access": "Allow",
                "description": "allows load balaner inbound",
                "destination_address_prefix": "*",
                "destination_address_prefixes": [],
                "destination_application_security_group_ids": [],
                "destination_port_range": "*",
                "destination_port_ranges": [],
                "direction": "Inbound",
                "name": "AllowLBIn_external",
                "priority": 1100,
                "protocol": "*",
                "source_address_prefix": "AzureLoadBalancer",
                "source_address_prefixes": [],
                "source_application_security_group_ids": [],
                "source_port_range": "*",
                "source_port_ranges": []
              },
              {
                "access": "Allow",
                "description": "allows vnet inbound",
                "destination_address_prefix": "VirtualNetwork",
                "destination_address_prefixes": [],
                "destination_application_security_group_ids": [],
                "destination_port_range": "*",
                "destination_port_ranges": [],
                "direction": "Inbound",
                "name": "AllowVnetInbound_external",
                "priority": 1000,
                "protocol": "*",
                "source_address_prefix": "VirtualNetwork",
                "source_address_prefixes": [],
                "source_application_security_group_ids": [],
                "source_port_range": "*",
                "source_port_ranges": []
              },
              {
                "access": "Deny",
                "description": "Default deny all inbound",
                "destination_address_prefix": "*",
                "destination_address_prefixes": [],
                "destination_application_security_group_ids": [],
                "destination_port_range": "*",
                "destination_port_ranges": [],
                "direction": "Inbound",
                "name": "DenyInbound_external",
                "priority": 1200,
                "protocol": "*",
                "source_address_prefix": "*",
                "source_address_prefixes": [],
                "source_application_security_group_ids": [],
                "source_port_range": "*",
                "source_port_ranges": []
              },
              {
                "access": "Deny",
                "description": "Default deny all outbound",
                "destination_address_prefix": "*",
                "destination_address_prefixes": [],
                "destination_application_security_group_ids": [],
                "destination_port_range": "*",
                "destination_port_ranges": [],
                "direction": "Outbound",
                "name": "DenyOutbound_external",
                "priority": 1400,
                "protocol": "*",
                "source_address_prefix": "*",
                "source_address_prefixes": [],
                "source_application_security_group_ids": [],
                "source_port_range": "*",
                "source_port_ranges": []
              }
            ],
            "tags": null,
            "timeouts": null
          },
          "sensitive_attributes": [],
          "private": "eyJlMmJmYjczMC1lY2FhLTExZTYtOGY4OC0zNDM2M2JjN2M0YzAiOnsiY3JlYXRlIjoxODAwMDAwMDAwMDAwLCJkZWxldGUiOjE4MDAwMDAwMDAwMDAsInJlYWQiOjMwMDAwMDAwMDAwMCwidXBkYXRlIjoxODAwMDAwMDAwMDAwfX0=",
          "dependencies": [
            "azurerm_network_interface.external",
            "azurerm_resource_group.rg",
            "azurerm_route_table.outbound",
            "azurerm_virtual_network.vnet"
          ]
        },
        {
          "index_key": 1,
          "schema_version": 0,
          "attributes": {
            "id": "/subscriptions/fb68876b-4b4b-4f31-bf78-605e8d18cc2d/resourceGroups/test_vp_demo_westus2/providers/Microsoft.Network/networkSecurityGroups/external-nsg-1",
            "location": "westus2",
            "name": "external-nsg-1",
            "resource_group_name": "test_vp_demo_westus2",
            "security_rule": [
              {
                "access": "Allow",
                "description": "443 outbound",
                "destination_address_prefix": "10.0.2.4",
                "destination_address_prefixes": [],
                "destination_application_security_group_ids": [],
                "destination_port_range": "*",
                "destination_port_ranges": [],
                "direction": "Outbound",
                "name": "HTTPSOutbound_external",
                "priority": 1100,
                "protocol": "TCP",
                "source_address_prefix": "10.0.1.0/25",
                "source_address_prefixes": [],
                "source_application_security_group_ids": [],
                "source_port_range": "443",
                "source_port_ranges": []
              },
              {
                "access": "Allow",
                "description": "Allow Internet outbound",
                "destination_address_prefix": "10.0.2.4",
                "destination_address_prefixes": [],
                "destination_application_security_group_ids": [],
                "destination_port_range": "*",
                "destination_port_ranges": [],
                "direction": "Outbound",
                "name": "AllowInternetOut_external",
                "priority": 1300,
                "protocol": "*",
                "source_address_prefix": "*",
                "source_address_prefixes": [],
                "source_application_security_group_ids": [],
                "source_port_range": "*",
                "source_port_ranges": []
              },
              {
                "access": "Allow",
                "description": "Allow vnet outbound",
                "destination_address_prefix": "VirtualNetwork",
                "destination_address_prefixes": [],
                "destination_application_security_group_ids": [],
                "destination_port_range": "*",
                "destination_port_ranges": [],
                "direction": "Outbound",
                "name": "AllowVnetOut_external",
                "priority": 1200,
                "protocol": "*",
                "source_address_prefix": "VirtualNetwork",
                "source_address_prefixes": [],
                "source_application_security_group_ids": [],
                "source_port_range": "*",
                "source_port_ranges": []
              },
              {
                "access": "Allow",
                "description": "SMTP outbound",
                "destination_address_prefix": "10.0.2.4",
                "destination_address_prefixes": [],
                "destination_application_security_group_ids": [],
                "destination_port_range": "*",
                "destination_port_ranges": [],
                "direction": "Outbound",
                "name": "SMTPOutbound_external",
                "priority": 1000,
                "protocol": "TCP",
                "source_address_prefix": "10.0.1.0/25",
                "source_address_prefixes": [],
                "source_application_security_group_ids": [],
                "source_port_range": "25",
                "source_port_ranges": []
              },
              {
                "access": "Allow",
                "description": "allows load balaner inbound",
                "destination_address_prefix": "*",
                "destination_address_prefixes": [],
                "destination_application_security_group_ids": [],
                "destination_port_range": "*",
                "destination_port_ranges": [],
                "direction": "Inbound",
                "name": "AllowLBIn_external",
                "priority": 1100,
                "protocol": "*",
                "source_address_prefix": "AzureLoadBalancer",
                "source_address_prefixes": [],
                "source_application_security_group_ids": [],
                "source_port_range": "*",
                "source_port_ranges": []
              },
              {
                "access": "Allow",
                "description": "allows vnet inbound",
                "destination_address_prefix": "VirtualNetwork",
                "destination_address_prefixes": [],
                "destination_application_security_group_ids": [],
                "destination_port_range": "*",
                "destination_port_ranges": [],
                "direction": "Inbound",
                "name": "AllowVnetInbound_external",
                "priority": 1000,
                "protocol": "*",
                "source_address_prefix": "VirtualNetwork",
                "source_address_prefixes": [],
                "source_application_security_group_ids": [],
                "source_port_range": "*",
                "source_port_ranges": []
              },
              {
                "access": "Deny",
                "description": "Default deny all inbound",
                "destination_address_prefix": "*",
                "destination_address_prefixes": [],
                "destination_application_security_group_ids": [],
                "destination_port_range": "*",
                "destination_port_ranges": [],
                "direction": "Inbound",
                "name": "DenyInbound_external",
                "priority": 1200,
                "protocol": "*",
                "source_address_prefix": "*",
                "source_address_prefixes": [],
                "source_application_security_group_ids": [],
                "source_port_range": "*",
                "source_port_ranges": []
              },
              {
                "access": "Deny",
                "description": "Default deny all outbound",
                "destination_address_prefix": "*",
                "destination_address_prefixes": [],
                "destination_application_security_group_ids": [],
                "destination_port_range": "*",
                "destination_port_ranges": [],
                "direction": "Outbound",
                "name": "DenyOutbound_external",
                "priority": 1400,
                "protocol": "*",
                "source_address_prefix": "*",
                "source_address_prefixes": [],
                "source_application_security_group_ids": [],
                "source_port_range": "*",
                "source_port_ranges": []
              }
            ],
            "tags": null,
            "timeouts": null
          },
          "sensitive_attributes": [],
          "private": "eyJlMmJmYjczMC1lY2FhLTExZTYtOGY4OC0zNDM2M2JjN2M0YzAiOnsiY3JlYXRlIjoxODAwMDAwMDAwMDAwLCJkZWxldGUiOjE4MDAwMDAwMDAwMDAsInJlYWQiOjMwMDAwMDAwMDAwMCwidXBkYXRlIjoxODAwMDAwMDAwMDAwfX0=",
          "dependencies": [
            "azurerm_network_interface.external",
            "azurerm_resource_group.rg",
            "azurerm_route_table.outbound",
            "azurerm_virtual_network.vnet"
          ]
        }
      ]
    },
    {
      "mode": "managed",
      "type": "azurerm_network_security_group",
      "name": "internal",
      "provider": "provider[\"registry.terraform.io/hashicorp/azurerm\"]",
      "instances": [
        {
          "index_key": 0,
          "schema_version": 0,
          "attributes": {
            "id": "/subscriptions/fb68876b-4b4b-4f31-bf78-605e8d18cc2d/resourceGroups/test_vp_demo_westus2/providers/Microsoft.Network/networkSecurityGroups/internal-nsg-0",
            "location": "westus2",
            "name": "internal-nsg-0",
            "resource_group_name": "test_vp_demo_westus2",
            "security_rule": [
              {
                "access": "Allow",
                "description": "allows ICMP inbound",
                "destination_address_prefix": "10.0.1.0/24",
                "destination_address_prefixes": [],
                "destination_application_security_group_ids": [],
                "destination_port_range": "*",
                "destination_port_ranges": [],
                "direction": "Inbound",
                "name": "Allow_ICMP",
                "priority": 1900,
                "protocol": "ICMP",
                "source_address_prefix": "10.0.1.0/24",
                "source_address_prefixes": [],
                "source_application_security_group_ids": [],
                "source_port_range": "*",
                "source_port_ranges": []
              },
              {
                "access": "Allow",
                "description": "allows port 1022 inbound",
                "destination_address_prefix": "*",
                "destination_address_prefixes": [],
                "destination_application_security_group_ids": [],
                "destination_port_range": "1022",
                "destination_port_ranges": [],
                "direction": "Inbound",
                "name": "Allow_1022_in",
                "priority": 1700,
                "protocol": "tcp",
                "source_address_prefix": "10.0.1.0/24",
                "source_address_prefixes": [],
                "source_application_security_group_ids": [],
                "source_port_range": "*",
                "source_port_ranges": []
              },
              {
                "access": "Allow",
                "description": "allows port 1023 inbound",
                "destination_address_prefix": "*",
                "destination_address_prefixes": [],
                "destination_application_security_group_ids": [],
                "destination_port_range": "1023",
                "destination_port_ranges": [],
                "direction": "Inbound",
                "name": "Allow_1023_in",
                "priority": 1800,
                "protocol": "tcp",
                "source_address_prefix": "10.0.1.0/24",
                "source_address_prefixes": [],
                "source_application_security_group_ids": [],
                "source_port_range": "*",
                "source_port_ranges": []
              },
              {
                "access": "Allow",
                "description": "allows port 1026 inbound",
                "destination_address_prefix": "*",
                "destination_address_prefixes": [],
                "destination_application_security_group_ids": [],
                "destination_port_range": "1026",
                "destination_port_ranges": [],
                "direction": "Inbound",
                "name": "Allow1026",
                "priority": 101,
                "protocol": "udp",
                "source_address_prefix": "10.0.1.0/24",
                "source_address_prefixes": [],
                "source_application_security_group_ids": [],
                "source_port_range": "*",
                "source_port_ranges": []
              },
              {
                "access": "Allow",
                "description": "allows port 1101 inbound",
                "destination_address_prefix": "*",
                "destination_address_prefixes": [],
                "destination_application_security_group_ids": [],
                "destination_port_range": "1101",
                "destination_port_ranges": [],
                "direction": "Inbound",
                "name": "Allow_1101_in",
                "priority": 1400,
                "protocol": "tcp",
                "source_address_prefix": "10.0.1.0/24",
                "source_address_prefixes": [],
                "source_application_security_group_ids": [],
                "source_port_range": "*",
                "source_port_ranges": []
              },
              {
                "access": "Allow",
                "description": "allows port 1102 inbound",
                "destination_address_prefix": "*",
                "destination_address_prefixes": [],
                "destination_application_security_group_ids": [],
                "destination_port_range": "1701",
                "destination_port_ranges": [],
                "direction": "Inbound",
                "name": "Allow_1102_in",
                "priority": 1500,
                "protocol": "tcp",
                "source_address_prefix": "10.0.1.0/24",
                "source_address_prefixes": [],
                "source_application_security_group_ids": [],
                "source_port_range": "*",
                "source_port_ranges": []
              },
              {
                "access": "Allow",
                "description": "allows port 1501 inbound",
                "destination_address_prefix": "*",
                "destination_address_prefixes": [],
                "destination_application_security_group_ids": [],
                "destination_port_range": "1501",
                "destination_port_ranges": [],
                "direction": "Inbound",
                "name": "Allow_1501_in",
                "priority": 1600,
                "protocol": "tcp",
                "source_address_prefix": "10.0.1.0/24",
                "source_address_prefixes": [],
                "source_application_security_group_ids": [],
                "source_port_range": "*",
                "source_port_ranges": []
              },
              {
                "access": "Allow",
                "description": "allows port 1701 inbound",
                "destination_address_prefix": "*",
                "destination_address_prefixes": [],
                "destination_application_security_group_ids": [],
                "destination_port_range": "1701",
                "destination_port_ranges": [],
                "direction": "Inbound",
                "name": "Allow_1701_in",
                "priority": 1300,
                "protocol": "tcp",
                "source_address_prefix": "10.0.1.0/24",
                "source_address_prefixes": [],
                "source_application_security_group_ids": [],
                "source_port_range": "*",
                "source_port_ranges": []
              },
              {
                "access": "Allow",
                "description": "allows port 1901 inbound",
                "destination_address_prefix": "*",
                "destination_address_prefixes": [],
                "destination_application_security_group_ids": [],
                "destination_port_range": "1901",
                "destination_port_ranges": [],
                "direction": "Inbound",
                "name": "Allow_1901_in",
                "priority": 1200,
                "protocol": "tcp",
                "source_address_prefix": "10.0.1.0/24",
                "source_address_prefixes": [],
                "source_application_security_group_ids": [],
                "source_port_range": "*",
                "source_port_ranges": []
              },
              {
                "access": "Allow",
                "description": "allows port 22 inbound",
                "destination_address_prefix": "*",
                "destination_address_prefixes": [],
                "destination_application_security_group_ids": [],
                "destination_port_range": "22",
                "destination_port_ranges": [],
                "direction": "Inbound",
                "name": "Allow22",
                "priority": 102,
                "protocol": "udp",
                "source_address_prefix": "10.0.1.0/24",
                "source_address_prefixes": [],
                "source_application_security_group_ids": [],
                "source_port_range": "*",
                "source_port_ranges": []
              },
              {
                "access": "Allow",
                "description": "allows port 25 inbound",
                "destination_address_prefix": "*",
                "destination_address_prefixes": [],
                "destination_application_security_group_ids": [],
                "destination_port_range": "25",
                "destination_port_ranges": [],
                "direction": "Inbound",
                "name": "AllowSMTP",
                "priority": 1100,
                "protocol": "tcp",
                "source_address_prefix": "10.0.1.0/24",
                "source_address_prefixes": [],
                "source_application_security_group_ids": [],
                "source_port_range": "*",
                "source_port_ranges": []
              },
              {
                "access": "Allow",
                "description": "allows port 4353 inbound",
                "destination_address_prefix": "*",
                "destination_address_prefixes": [],
                "destination_application_security_group_ids": [],
                "destination_port_range": "4353",
                "destination_port_ranges": [],
                "direction": "Inbound",
                "name": "Allow4353",
                "priority": 100,
                "protocol": "tcp",
                "source_address_prefix": "10.0.1.0/24",
                "source_address_prefixes": [],
                "source_application_security_group_ids": [],
                "source_port_range": "*",
                "source_port_ranges": []
              },
              {
                "access": "Allow",
                "description": "allows port 443 inbound",
                "destination_address_prefix": "*",
                "destination_address_prefixes": [],
                "destination_application_security_group_ids": [],
                "destination_port_range": "443",
                "destination_port_ranges": [],
                "direction": "Inbound",
                "name": "AllowHTTPS",
                "priority": 1000,
                "protocol": "tcp",
                "source_address_prefix": "10.0.1.0/24",
                "source_address_prefixes": [],
                "source_application_security_group_ids": [],
                "source_port_range": "*",
                "source_port_ranges": []
              },
              {
                "access": "Allow",
                "description": "allows port 6123-6128 inbound",
                "destination_address_prefix": "*",
                "destination_address_prefixes": [],
                "destination_application_security_group_ids": [],
                "destination_port_range": "6123-6128",
                "destination_port_ranges": [],
                "direction": "Inbound",
                "name": "AllowASMSync",
                "priority": 103,
                "protocol": "tcp",
                "source_address_prefix": "10.0.1.0/24",
                "source_address_prefixes": [],
                "source_application_security_group_ids": [],
                "source_port_range": "*",
                "source_port_ranges": []
              },
              {
                "access": "Deny",
                "description": "Deny all",
                "destination_address_prefix": "10.0.1.0/24",
                "destination_address_prefixes": [],
                "destination_application_security_group_ids": [],
                "destination_port_range": "*",
                "destination_port_ranges": [],
                "direction": "Inbound",
                "name": "Deny_inbound_all",
                "priority": 2000,
                "protocol": "*",
                "source_address_prefix": "10.0.1.0/24",
                "source_address_prefixes": [],
                "source_application_security_group_ids": [],
                "source_port_range": "*",
                "source_port_ranges": []
              }
            ],
            "tags": null,
            "timeouts": null
          },
          "sensitive_attributes": [],
          "private": "eyJlMmJmYjczMC1lY2FhLTExZTYtOGY4OC0zNDM2M2JjN2M0YzAiOnsiY3JlYXRlIjoxODAwMDAwMDAwMDAwLCJkZWxldGUiOjE4MDAwMDAwMDAwMDAsInJlYWQiOjMwMDAwMDAwMDAwMCwidXBkYXRlIjoxODAwMDAwMDAwMDAwfX0=",
          "dependencies": [
            "azurerm_network_interface.internal",
            "azurerm_resource_group.rg",
            "azurerm_route_table.internal",
            "azurerm_virtual_network.vnet"
          ]
        },
        {
          "index_key": 1,
          "schema_version": 0,
          "attributes": {
            "id": "/subscriptions/fb68876b-4b4b-4f31-bf78-605e8d18cc2d/resourceGroups/test_vp_demo_westus2/providers/Microsoft.Network/networkSecurityGroups/internal-nsg-1",
            "location": "westus2",
            "name": "internal-nsg-1",
            "resource_group_name": "test_vp_demo_westus2",
            "security_rule": [
              {
                "access": "Allow",
                "description": "allows ICMP inbound",
                "destination_address_prefix": "10.0.1.0/24",
                "destination_address_prefixes": [],
                "destination_application_security_group_ids": [],
                "destination_port_range": "*",
                "destination_port_ranges": [],
                "direction": "Inbound",
                "name": "Allow_ICMP",
                "priority": 1900,
                "protocol": "ICMP",
                "source_address_prefix": "10.0.1.0/24",
                "source_address_prefixes": [],
                "source_application_security_group_ids": [],
                "source_port_range": "*",
                "source_port_ranges": []
              },
              {
                "access": "Allow",
                "description": "allows port 1022 inbound",
                "destination_address_prefix": "*",
                "destination_address_prefixes": [],
                "destination_application_security_group_ids": [],
                "destination_port_range": "1022",
                "destination_port_ranges": [],
                "direction": "Inbound",
                "name": "Allow_1022_in",
                "priority": 1700,
                "protocol": "tcp",
                "source_address_prefix": "10.0.1.0/24",
                "source_address_prefixes": [],
                "source_application_security_group_ids": [],
                "source_port_range": "*",
                "source_port_ranges": []
              },
              {
                "access": "Allow",
                "description": "allows port 1023 inbound",
                "destination_address_prefix": "*",
                "destination_address_prefixes": [],
                "destination_application_security_group_ids": [],
                "destination_port_range": "1023",
                "destination_port_ranges": [],
                "direction": "Inbound",
                "name": "Allow_1023_in",
                "priority": 1800,
                "protocol": "tcp",
                "source_address_prefix": "10.0.1.0/24",
                "source_address_prefixes": [],
                "source_application_security_group_ids": [],
                "source_port_range": "*",
                "source_port_ranges": []
              },
              {
                "access": "Allow",
                "description": "allows port 1026 inbound",
                "destination_address_prefix": "*",
                "destination_address_prefixes": [],
                "destination_application_security_group_ids": [],
                "destination_port_range": "1026",
                "destination_port_ranges": [],
                "direction": "Inbound",
                "name": "Allow1026",
                "priority": 101,
                "protocol": "udp",
                "source_address_prefix": "10.0.1.0/24",
                "source_address_prefixes": [],
                "source_application_security_group_ids": [],
                "source_port_range": "*",
                "source_port_ranges": []
              },
              {
                "access": "Allow",
                "description": "allows port 1101 inbound",
                "destination_address_prefix": "*",
                "destination_address_prefixes": [],
                "destination_application_security_group_ids": [],
                "destination_port_range": "1101",
                "destination_port_ranges": [],
                "direction": "Inbound",
                "name": "Allow_1101_in",
                "priority": 1400,
                "protocol": "tcp",
                "source_address_prefix": "10.0.1.0/24",
                "source_address_prefixes": [],
                "source_application_security_group_ids": [],
                "source_port_range": "*",
                "source_port_ranges": []
              },
              {
                "access": "Allow",
                "description": "allows port 1102 inbound",
                "destination_address_prefix": "*",
                "destination_address_prefixes": [],
                "destination_application_security_group_ids": [],
                "destination_port_range": "1701",
                "destination_port_ranges": [],
                "direction": "Inbound",
                "name": "Allow_1102_in",
                "priority": 1500,
                "protocol": "tcp",
                "source_address_prefix": "10.0.1.0/24",
                "source_address_prefixes": [],
                "source_application_security_group_ids": [],
                "source_port_range": "*",
                "source_port_ranges": []
              },
              {
                "access": "Allow",
                "description": "allows port 1501 inbound",
                "destination_address_prefix": "*",
                "destination_address_prefixes": [],
                "destination_application_security_group_ids": [],
                "destination_port_range": "1501",
                "destination_port_ranges": [],
                "direction": "Inbound",
                "name": "Allow_1501_in",
                "priority": 1600,
                "protocol": "tcp",
                "source_address_prefix": "10.0.1.0/24",
                "source_address_prefixes": [],
                "source_application_security_group_ids": [],
                "source_port_range": "*",
                "source_port_ranges": []
              },
              {
                "access": "Allow",
                "description": "allows port 1701 inbound",
                "destination_address_prefix": "*",
                "destination_address_prefixes": [],
                "destination_application_security_group_ids": [],
                "destination_port_range": "1701",
                "destination_port_ranges": [],
                "direction": "Inbound",
                "name": "Allow_1701_in",
                "priority": 1300,
                "protocol": "tcp",
                "source_address_prefix": "10.0.1.0/24",
                "source_address_prefixes": [],
                "source_application_security_group_ids": [],
                "source_port_range": "*",
                "source_port_ranges": []
              },
              {
                "access": "Allow",
                "description": "allows port 1901 inbound",
                "destination_address_prefix": "*",
                "destination_address_prefixes": [],
                "destination_application_security_group_ids": [],
                "destination_port_range": "1901",
                "destination_port_ranges": [],
                "direction": "Inbound",
                "name": "Allow_1901_in",
                "priority": 1200,
                "protocol": "tcp",
                "source_address_prefix": "10.0.1.0/24",
                "source_address_prefixes": [],
                "source_application_security_group_ids": [],
                "source_port_range": "*",
                "source_port_ranges": []
              },
              {
                "access": "Allow",
                "description": "allows port 22 inbound",
                "destination_address_prefix": "*",
                "destination_address_prefixes": [],
                "destination_application_security_group_ids": [],
                "destination_port_range": "22",
                "destination_port_ranges": [],
                "direction": "Inbound",
                "name": "Allow22",
                "priority": 102,
                "protocol": "udp",
                "source_address_prefix": "10.0.1.0/24",
                "source_address_prefixes": [],
                "source_application_security_group_ids": [],
                "source_port_range": "*",
                "source_port_ranges": []
              },
              {
                "access": "Allow",
                "description": "allows port 25 inbound",
                "destination_address_prefix": "*",
                "destination_address_prefixes": [],
                "destination_application_security_group_ids": [],
                "destination_port_range": "25",
                "destination_port_ranges": [],
                "direction": "Inbound",
                "name": "AllowSMTP",
                "priority": 1100,
                "protocol": "tcp",
                "source_address_prefix": "10.0.1.0/24",
                "source_address_prefixes": [],
                "source_application_security_group_ids": [],
                "source_port_range": "*",
                "source_port_ranges": []
              },
              {
                "access": "Allow",
                "description": "allows port 4353 inbound",
                "destination_address_prefix": "*",
                "destination_address_prefixes": [],
                "destination_application_security_group_ids": [],
                "destination_port_range": "4353",
                "destination_port_ranges": [],
                "direction": "Inbound",
                "name": "Allow4353",
                "priority": 100,
                "protocol": "tcp",
                "source_address_prefix": "10.0.1.0/24",
                "source_address_prefixes": [],
                "source_application_security_group_ids": [],
                "source_port_range": "*",
                "source_port_ranges": []
              },
              {
                "access": "Allow",
                "description": "allows port 443 inbound",
                "destination_address_prefix": "*",
                "destination_address_prefixes": [],
                "destination_application_security_group_ids": [],
                "destination_port_range": "443",
                "destination_port_ranges": [],
                "direction": "Inbound",
                "name": "AllowHTTPS",
                "priority": 1000,
                "protocol": "tcp",
                "source_address_prefix": "10.0.1.0/24",
                "source_address_prefixes": [],
                "source_application_security_group_ids": [],
                "source_port_range": "*",
                "source_port_ranges": []
              },
              {
                "access": "Allow",
                "description": "allows port 6123-6128 inbound",
                "destination_address_prefix": "*",
                "destination_address_prefixes": [],
                "destination_application_security_group_ids": [],
                "destination_port_range": "6123-6128",
                "destination_port_ranges": [],
                "direction": "Inbound",
                "name": "AllowASMSync",
                "priority": 103,
                "protocol": "tcp",
                "source_address_prefix": "10.0.1.0/24",
                "source_address_prefixes": [],
                "source_application_security_group_ids": [],
                "source_port_range": "*",
                "source_port_ranges": []
              },
              {
                "access": "Deny",
                "description": "Deny all",
                "destination_address_prefix": "10.0.1.0/24",
                "destination_address_prefixes": [],
                "destination_application_security_group_ids": [],
                "destination_port_range": "*",
                "destination_port_ranges": [],
                "direction": "Inbound",
                "name": "Deny_inbound_all",
                "priority": 2000,
                "protocol": "*",
                "source_address_prefix": "10.0.1.0/24",
                "source_address_prefixes": [],
                "source_application_security_group_ids": [],
                "source_port_range": "*",
                "source_port_ranges": []
              }
            ],
            "tags": null,
            "timeouts": null
          },
          "sensitive_attributes": [],
          "private": "eyJlMmJmYjczMC1lY2FhLTExZTYtOGY4OC0zNDM2M2JjN2M0YzAiOnsiY3JlYXRlIjoxODAwMDAwMDAwMDAwLCJkZWxldGUiOjE4MDAwMDAwMDAwMDAsInJlYWQiOjMwMDAwMDAwMDAwMCwidXBkYXRlIjoxODAwMDAwMDAwMDAwfX0=",
          "dependencies": [
            "azurerm_network_interface.internal",
            "azurerm_resource_group.rg",
            "azurerm_route_table.internal",
            "azurerm_virtual_network.vnet"
          ]
        }
      ]
    },
    {
      "mode": "managed",
      "type": "azurerm_network_security_group",
      "name": "mgmt",
      "provider": "provider[\"registry.terraform.io/hashicorp/azurerm\"]",
      "instances": [
        {
          "index_key": 0,
          "schema_version": 0,
          "attributes": {
            "id": "/subscriptions/fb68876b-4b4b-4f31-bf78-605e8d18cc2d/resourceGroups/test_vp_demo_westus2/providers/Microsoft.Network/networkSecurityGroups/mgmt-nsg-0",
            "location": "westus2",
            "name": "mgmt-nsg-0",
            "resource_group_name": "test_vp_demo_westus2",
            "security_rule": [
              {
                "access": "Allow",
                "description": "Allow Internet outbound",
                "destination_address_prefix": "10.0.1.4",
                "destination_address_prefixes": [],
                "destination_application_security_group_ids": [],
                "destination_port_range": "*",
                "destination_port_ranges": [],
                "direction": "Outbound",
                "name": "AllowInternetOut_mgmt",
                "priority": 1100,
                "protocol": "*",
                "source_address_prefix": "*",
                "source_address_prefixes": [],
                "source_application_security_group_ids": [],
                "source_port_range": "*",
                "source_port_ranges": []
              },
              {
                "access": "Allow",
                "description": "Allow vnet outbound",
                "destination_address_prefix": "VirtualNetwork",
                "destination_address_prefixes": [],
                "destination_application_security_group_ids": [],
                "destination_port_range": "*",
                "destination_port_ranges": [],
                "direction": "Outbound",
                "name": "AllowVnetOut_mgmt",
                "priority": 1000,
                "protocol": "*",
                "source_address_prefix": "VirtualNetwork",
                "source_address_prefixes": [],
                "source_application_security_group_ids": [],
                "source_port_range": "*",
                "source_port_ranges": []
              },
              {
                "access": "Allow",
                "description": "allows load balancer inbound",
                "destination_address_prefix": "*",
                "destination_address_prefixes": [],
                "destination_application_security_group_ids": [],
                "destination_port_range": "*",
                "destination_port_ranges": [],
                "direction": "Inbound",
                "name": "AllowLBIn_mgmt",
                "priority": 1400,
                "protocol": "*",
                "source_address_prefix": "AzureLoadBalancer",
                "source_address_prefixes": [],
                "source_application_security_group_ids": [],
                "source_port_range": "*",
                "source_port_ranges": []
              },
              {
                "access": "Allow",
                "description": "allows port 22 inbound",
                "destination_address_prefix": "10.0.3.0/24",
                "destination_address_prefixes": [],
                "destination_application_security_group_ids": [],
                "destination_port_range": "1",
                "destination_port_ranges": [],
                "direction": "Inbound",
                "name": "AllowICMP_mgmt",
                "priority": 1200,
                "protocol": "ICMP",
                "source_address_prefix": "",
                "source_address_prefixes": [
                  "0.0.0.0/0"
                ],
                "source_application_security_group_ids": [],
                "source_port_range": "*",
                "source_port_ranges": []
              },
              {
                "access": "Allow",
                "description": "allows port 22 inbound",
                "destination_address_prefix": "10.0.3.0/24",
                "destination_address_prefixes": [],
                "destination_application_security_group_ids": [],
                "destination_port_range": "22",
                "destination_port_ranges": [],
                "direction": "Inbound",
                "name": "AllowSSH_mgmt",
                "priority": 1100,
                "protocol": "tcp",
                "source_address_prefix": "",
                "source_address_prefixes": [
                  "0.0.0.0/0"
                ],
                "source_application_security_group_ids": [],
                "source_port_range": "*",
                "source_port_ranges": []
              },
              {
                "access": "Allow",
                "description": "allows port 443 inbound",
                "destination_address_prefix": "10.0.3.0/24",
                "destination_address_prefixes": [],
                "destination_application_security_group_ids": [],
                "destination_port_range": "443",
                "destination_port_ranges": [],
                "direction": "Inbound",
                "name": "AllowHTTPS_mgmt",
                "priority": 1000,
                "protocol": "tcp",
                "source_address_prefix": "",
                "source_address_prefixes": [
                  "0.0.0.0/0"
                ],
                "source_application_security_group_ids": [],
                "source_port_range": "*",
                "source_port_ranges": []
              },
              {
                "access": "Allow",
                "description": "allows vnet inbound",
                "destination_address_prefix": "VirtualNetwork",
                "destination_address_prefixes": [],
                "destination_application_security_group_ids": [],
                "destination_port_range": "*",
                "destination_port_ranges": [],
                "direction": "Inbound",
                "name": "AllowVnetIn_mgmt",
                "priority": 1300,
                "protocol": "*",
                "source_address_prefix": "VirtualNetwork",
                "source_address_prefixes": [],
                "source_application_security_group_ids": [],
                "source_port_range": "*",
                "source_port_ranges": []
              },
              {
                "access": "Deny",
                "description": "Default deny all inbound",
                "destination_address_prefix": "*",
                "destination_address_prefixes": [],
                "destination_application_security_group_ids": [],
                "destination_port_range": "*",
                "destination_port_ranges": [],
                "direction": "Inbound",
                "name": "DenyInbound_mgmt",
                "priority": 1500,
                "protocol": "*",
                "source_address_prefix": "*",
                "source_address_prefixes": [],
                "source_application_security_group_ids": [],
                "source_port_range": "*",
                "source_port_ranges": []
              }
            ],
            "tags": null,
            "timeouts": null
          },
          "sensitive_attributes": [],
          "private": "eyJlMmJmYjczMC1lY2FhLTExZTYtOGY4OC0zNDM2M2JjN2M0YzAiOnsiY3JlYXRlIjoxODAwMDAwMDAwMDAwLCJkZWxldGUiOjE4MDAwMDAwMDAwMDAsInJlYWQiOjMwMDAwMDAwMDAwMCwidXBkYXRlIjoxODAwMDAwMDAwMDAwfX0=",
          "dependencies": [
            "azurerm_network_interface.external",
            "azurerm_resource_group.rg",
            "azurerm_route_table.outbound",
            "azurerm_virtual_network.vnet"
          ]
        },
        {
          "index_key": 1,
          "schema_version": 0,
          "attributes": {
            "id": "/subscriptions/fb68876b-4b4b-4f31-bf78-605e8d18cc2d/resourceGroups/test_vp_demo_westus2/providers/Microsoft.Network/networkSecurityGroups/mgmt-nsg-1",
            "location": "westus2",
            "name": "mgmt-nsg-1",
            "resource_group_name": "test_vp_demo_westus2",
            "security_rule": [
              {
                "access": "Allow",
                "description": "Allow Internet outbound",
                "destination_address_prefix": "10.0.1.4",
                "destination_address_prefixes": [],
                "destination_application_security_group_ids": [],
                "destination_port_range": "*",
                "destination_port_ranges": [],
                "direction": "Outbound",
                "name": "AllowInternetOut_mgmt",
                "priority": 1100,
                "protocol": "*",
                "source_address_prefix": "*",
                "source_address_prefixes": [],
                "source_application_security_group_ids": [],
                "source_port_range": "*",
                "source_port_ranges": []
              },
              {
                "access": "Allow",
                "description": "Allow vnet outbound",
                "destination_address_prefix": "VirtualNetwork",
                "destination_address_prefixes": [],
                "destination_application_security_group_ids": [],
                "destination_port_range": "*",
                "destination_port_ranges": [],
                "direction": "Outbound",
                "name": "AllowVnetOut_mgmt",
                "priority": 1000,
                "protocol": "*",
                "source_address_prefix": "VirtualNetwork",
                "source_address_prefixes": [],
                "source_application_security_group_ids": [],
                "source_port_range": "*",
                "source_port_ranges": []
              },
              {
                "access": "Allow",
                "description": "allows load balancer inbound",
                "destination_address_prefix": "*",
                "destination_address_prefixes": [],
                "destination_application_security_group_ids": [],
                "destination_port_range": "*",
                "destination_port_ranges": [],
                "direction": "Inbound",
                "name": "AllowLBIn_mgmt",
                "priority": 1400,
                "protocol": "*",
                "source_address_prefix": "AzureLoadBalancer",
                "source_address_prefixes": [],
                "source_application_security_group_ids": [],
                "source_port_range": "*",
                "source_port_ranges": []
              },
              {
                "access": "Allow",
                "description": "allows port 22 inbound",
                "destination_address_prefix": "10.0.3.0/24",
                "destination_address_prefixes": [],
                "destination_application_security_group_ids": [],
                "destination_port_range": "1",
                "destination_port_ranges": [],
                "direction": "Inbound",
                "name": "AllowICMP_mgmt",
                "priority": 1200,
                "protocol": "ICMP",
                "source_address_prefix": "",
                "source_address_prefixes": [
                  "0.0.0.0/0"
                ],
                "source_application_security_group_ids": [],
                "source_port_range": "*",
                "source_port_ranges": []
              },
              {
                "access": "Allow",
                "description": "allows port 22 inbound",
                "destination_address_prefix": "10.0.3.0/24",
                "destination_address_prefixes": [],
                "destination_application_security_group_ids": [],
                "destination_port_range": "22",
                "destination_port_ranges": [],
                "direction": "Inbound",
                "name": "AllowSSH_mgmt",
                "priority": 1100,
                "protocol": "tcp",
                "source_address_prefix": "",
                "source_address_prefixes": [
                  "0.0.0.0/0"
                ],
                "source_application_security_group_ids": [],
                "source_port_range": "*",
                "source_port_ranges": []
              },
              {
                "access": "Allow",
                "description": "allows port 443 inbound",
                "destination_address_prefix": "10.0.3.0/24",
                "destination_address_prefixes": [],
                "destination_application_security_group_ids": [],
                "destination_port_range": "443",
                "destination_port_ranges": [],
                "direction": "Inbound",
                "name": "AllowHTTPS_mgmt",
                "priority": 1000,
                "protocol": "tcp",
                "source_address_prefix": "",
                "source_address_prefixes": [
                  "0.0.0.0/0"
                ],
                "source_application_security_group_ids": [],
                "source_port_range": "*",
                "source_port_ranges": []
              },
              {
                "access": "Allow",
                "description": "allows vnet inbound",
                "destination_address_prefix": "VirtualNetwork",
                "destination_address_prefixes": [],
                "destination_application_security_group_ids": [],
                "destination_port_range": "*",
                "destination_port_ranges": [],
                "direction": "Inbound",
                "name": "AllowVnetIn_mgmt",
                "priority": 1300,
                "protocol": "*",
                "source_address_prefix": "VirtualNetwork",
                "source_address_prefixes": [],
                "source_application_security_group_ids": [],
                "source_port_range": "*",
                "source_port_ranges": []
              },
              {
                "access": "Deny",
                "description": "Default deny all inbound",
                "destination_address_prefix": "*",
                "destination_address_prefixes": [],
                "destination_application_security_group_ids": [],
                "destination_port_range": "*",
                "destination_port_ranges": [],
                "direction": "Inbound",
                "name": "DenyInbound_mgmt",
                "priority": 1500,
                "protocol": "*",
                "source_address_prefix": "*",
                "source_address_prefixes": [],
                "source_application_security_group_ids": [],
                "source_port_range": "*",
                "source_port_ranges": []
              }
            ],
            "tags": null,
            "timeouts": null
          },
          "sensitive_attributes": [],
          "private": "eyJlMmJmYjczMC1lY2FhLTExZTYtOGY4OC0zNDM2M2JjN2M0YzAiOnsiY3JlYXRlIjoxODAwMDAwMDAwMDAwLCJkZWxldGUiOjE4MDAwMDAwMDAwMDAsInJlYWQiOjMwMDAwMDAwMDAwMCwidXBkYXRlIjoxODAwMDAwMDAwMDAwfX0=",
          "dependencies": [
            "azurerm_network_interface.external",
            "azurerm_resource_group.rg",
            "azurerm_route_table.outbound",
            "azurerm_virtual_network.vnet"
          ]
        }
      ]
    },
    {
      "mode": "managed",
      "type": "azurerm_public_ip",
      "name": "mgmt_pip",
      "provider": "provider[\"registry.terraform.io/hashicorp/azurerm\"]",
      "instances": [
        {
          "index_key": 0,
          "schema_version": 0,
          "attributes": {
            "allocation_method": "Static",
            "domain_name_label": "vp0",
            "fqdn": "vp0.westus2.cloudapp.azure.com",
            "id": "/subscriptions/fb68876b-4b4b-4f31-bf78-605e8d18cc2d/resourceGroups/test_vp_demo_westus2/providers/Microsoft.Network/publicIPAddresses/mgmt-pip-0",
            "idle_timeout_in_minutes": 4,
            "ip_address": "20.64.169.88",
            "ip_version": "IPv4",
            "location": "westus2",
            "name": "mgmt-pip-0",
            "public_ip_prefix_id": null,
            "resource_group_name": "test_vp_demo_westus2",
            "reverse_fqdn": "",
            "sku": "Standard",
            "tags": null,
            "timeouts": null,
            "zones": [
              "1"
            ]
          },
          "sensitive_attributes": [],
          "private": "eyJlMmJmYjczMC1lY2FhLTExZTYtOGY4OC0zNDM2M2JjN2M0YzAiOnsiY3JlYXRlIjoxODAwMDAwMDAwMDAwLCJkZWxldGUiOjE4MDAwMDAwMDAwMDAsInJlYWQiOjMwMDAwMDAwMDAwMCwidXBkYXRlIjoxODAwMDAwMDAwMDAwfX0=",
          "dependencies": [
            "azurerm_resource_group.rg"
          ]
        },
        {
          "index_key": 1,
          "schema_version": 0,
          "attributes": {
            "allocation_method": "Static",
            "domain_name_label": "vp1",
            "fqdn": "vp1.westus2.cloudapp.azure.com",
            "id": "/subscriptions/fb68876b-4b4b-4f31-bf78-605e8d18cc2d/resourceGroups/test_vp_demo_westus2/providers/Microsoft.Network/publicIPAddresses/mgmt-pip-1",
            "idle_timeout_in_minutes": 4,
            "ip_address": "20.64.169.106",
            "ip_version": "IPv4",
            "location": "westus2",
            "name": "mgmt-pip-1",
            "public_ip_prefix_id": null,
            "resource_group_name": "test_vp_demo_westus2",
            "reverse_fqdn": "",
            "sku": "Standard",
            "tags": null,
            "timeouts": null,
            "zones": [
              "1"
            ]
          },
          "sensitive_attributes": [],
          "private": "eyJlMmJmYjczMC1lY2FhLTExZTYtOGY4OC0zNDM2M2JjN2M0YzAiOnsiY3JlYXRlIjoxODAwMDAwMDAwMDAwLCJkZWxldGUiOjE4MDAwMDAwMDAwMDAsInJlYWQiOjMwMDAwMDAwMDAwMCwidXBkYXRlIjoxODAwMDAwMDAwMDAwfX0=",
          "dependencies": [
            "azurerm_resource_group.rg"
          ]
        }
      ]
    },
    {
      "mode": "managed",
      "type": "azurerm_resource_group",
      "name": "rg",
      "provider": "provider[\"registry.terraform.io/hashicorp/azurerm\"]",
      "instances": [
        {
          "schema_version": 0,
          "attributes": {
            "id": "/subscriptions/fb68876b-4b4b-4f31-bf78-605e8d18cc2d/resourceGroups/test_vp_demo_westus2",
            "location": "westus2",
            "name": "test_vp_demo_westus2",
            "tags": {
              "environment": "dev"
            },
            "timeouts": null
          },
          "sensitive_attributes": [],
          "private": "eyJlMmJmYjczMC1lY2FhLTExZTYtOGY4OC0zNDM2M2JjN2M0YzAiOnsiY3JlYXRlIjo1NDAwMDAwMDAwMDAwLCJkZWxldGUiOjU0MDAwMDAwMDAwMDAsInJlYWQiOjMwMDAwMDAwMDAwMCwidXBkYXRlIjo1NDAwMDAwMDAwMDAwfX0="
        }
      ]
    },
    {
      "mode": "managed",
      "type": "azurerm_route_table",
      "name": "internal",
      "provider": "provider[\"registry.terraform.io/hashicorp/azurerm\"]",
      "instances": [
        {
          "schema_version": 0,
          "attributes": {
            "disable_bgp_route_propagation": false,
            "id": "/subscriptions/fb68876b-4b4b-4f31-bf78-605e8d18cc2d/resourceGroups/test_vp_demo_westus2/providers/Microsoft.Network/routeTables/route_table_internal",
            "location": "westus2",
            "name": "route_table_internal",
            "resource_group_name": "test_vp_demo_westus2",
            "route": [
              {
                "address_prefix": "0.0.0.0/0",
                "name": "internal",
                "next_hop_in_ip_address": "10.0.1.4",
                "next_hop_type": "VirtualAppliance"
              }
            ],
            "subnets": [],
            "tags": null,
            "timeouts": null
          },
          "sensitive_attributes": [],
          "private": "eyJlMmJmYjczMC1lY2FhLTExZTYtOGY4OC0zNDM2M2JjN2M0YzAiOnsiY3JlYXRlIjoxODAwMDAwMDAwMDAwLCJkZWxldGUiOjE4MDAwMDAwMDAwMDAsInJlYWQiOjMwMDAwMDAwMDAwMCwidXBkYXRlIjoxODAwMDAwMDAwMDAwfX0=",
          "dependencies": [
            "azurerm_network_interface.internal",
            "azurerm_resource_group.rg",
            "azurerm_virtual_network.vnet"
          ]
        }
      ]
    },
    {
      "mode": "managed",
      "type": "azurerm_route_table",
      "name": "outbound",
      "provider": "provider[\"registry.terraform.io/hashicorp/azurerm\"]",
      "instances": [
        {
          "schema_version": 0,
          "attributes": {
            "disable_bgp_route_propagation": false,
            "id": "/subscriptions/fb68876b-4b4b-4f31-bf78-605e8d18cc2d/resourceGroups/test_vp_demo_westus2/providers/Microsoft.Network/routeTables/route_table_outbound",
            "location": "westus2",
            "name": "route_table_outbound",
            "resource_group_name": "test_vp_demo_westus2",
            "route": [
              {
                "address_prefix": "0.0.0.0/0",
                "name": "outbound",
                "next_hop_in_ip_address": "10.0.2.4",
                "next_hop_type": "VirtualAppliance"
              }
            ],
            "subnets": [],
            "tags": null,
            "timeouts": null
          },
          "sensitive_attributes": [],
          "private": "eyJlMmJmYjczMC1lY2FhLTExZTYtOGY4OC0zNDM2M2JjN2M0YzAiOnsiY3JlYXRlIjoxODAwMDAwMDAwMDAwLCJkZWxldGUiOjE4MDAwMDAwMDAwMDAsInJlYWQiOjMwMDAwMDAwMDAwMCwidXBkYXRlIjoxODAwMDAwMDAwMDAwfX0=",
          "dependencies": [
            "azurerm_network_interface.external",
            "azurerm_resource_group.rg",
            "azurerm_virtual_network.vnet"
          ]
        }
      ]
    },
    {
      "mode": "managed",
      "type": "azurerm_subnet_route_table_association",
      "name": "rta1",
      "provider": "provider[\"registry.terraform.io/hashicorp/azurerm\"]",
      "instances": [
        {
          "schema_version": 0,
          "attributes": {
            "id": "/subscriptions/fb68876b-4b4b-4f31-bf78-605e8d18cc2d/resourceGroups/test_vp_demo_westus2/providers/Microsoft.Network/virtualNetworks/test_vp_demo_westus2_vnet/subnets/internal",
            "route_table_id": "/subscriptions/fb68876b-4b4b-4f31-bf78-605e8d18cc2d/resourceGroups/test_vp_demo_westus2/providers/Microsoft.Network/routeTables/route_table_internal",
            "subnet_id": "/subscriptions/fb68876b-4b4b-4f31-bf78-605e8d18cc2d/resourceGroups/test_vp_demo_westus2/providers/Microsoft.Network/virtualNetworks/test_vp_demo_westus2_vnet/subnets/internal",
            "timeouts": null
          },
          "sensitive_attributes": [],
          "private": "eyJlMmJmYjczMC1lY2FhLTExZTYtOGY4OC0zNDM2M2JjN2M0YzAiOnsiY3JlYXRlIjoxODAwMDAwMDAwMDAwLCJkZWxldGUiOjE4MDAwMDAwMDAwMDAsInJlYWQiOjMwMDAwMDAwMDAwMCwidXBkYXRlIjoxODAwMDAwMDAwMDAwfX0=",
          "dependencies": [
            "azurerm_network_interface.internal",
            "azurerm_resource_group.rg",
            "azurerm_route_table.internal",
            "azurerm_virtual_network.vnet"
          ]
        }
      ]
    },
    {
      "mode": "managed",
      "type": "azurerm_subnet_route_table_association",
      "name": "rta2",
      "provider": "provider[\"registry.terraform.io/hashicorp/azurerm\"]",
      "instances": [
        {
          "schema_version": 0,
          "attributes": {
            "id": "/subscriptions/fb68876b-4b4b-4f31-bf78-605e8d18cc2d/resourceGroups/test_vp_demo_westus2/providers/Microsoft.Network/virtualNetworks/test_vp_demo_westus2_vnet/subnets/external",
            "route_table_id": "/subscriptions/fb68876b-4b4b-4f31-bf78-605e8d18cc2d/resourceGroups/test_vp_demo_westus2/providers/Microsoft.Network/routeTables/route_table_outbound",
            "subnet_id": "/subscriptions/fb68876b-4b4b-4f31-bf78-605e8d18cc2d/resourceGroups/test_vp_demo_westus2/providers/Microsoft.Network/virtualNetworks/test_vp_demo_westus2_vnet/subnets/external",
            "timeouts": null
          },
          "sensitive_attributes": [],
          "private": "eyJlMmJmYjczMC1lY2FhLTExZTYtOGY4OC0zNDM2M2JjN2M0YzAiOnsiY3JlYXRlIjoxODAwMDAwMDAwMDAwLCJkZWxldGUiOjE4MDAwMDAwMDAwMDAsInJlYWQiOjMwMDAwMDAwMDAwMCwidXBkYXRlIjoxODAwMDAwMDAwMDAwfX0=",
          "dependencies": [
            "azurerm_network_interface.external",
            "azurerm_resource_group.rg",
            "azurerm_route_table.outbound",
            "azurerm_virtual_network.vnet"
          ]
        }
      ]
    },
    {
      "mode": "managed",
      "type": "azurerm_virtual_network",
      "name": "vnet",
      "provider": "provider[\"registry.terraform.io/hashicorp/azurerm\"]",
      "instances": [
        {
          "schema_version": 0,
          "attributes": {
            "address_space": [
              "10.0.0.0/16"
            ],
            "bgp_community": "",
            "ddos_protection_plan": [],
            "dns_servers": null,
            "guid": "d6a356ae-b8a6-4b54-89e7-cd7a4c404209",
            "id": "/subscriptions/fb68876b-4b4b-4f31-bf78-605e8d18cc2d/resourceGroups/test_vp_demo_westus2/providers/Microsoft.Network/virtualNetworks/test_vp_demo_westus2_vnet",
            "location": "westus2",
            "name": "test_vp_demo_westus2_vnet",
            "resource_group_name": "test_vp_demo_westus2",
            "subnet": [
              {
                "address_prefix": "10.0.1.0/24",
                "id": "/subscriptions/fb68876b-4b4b-4f31-bf78-605e8d18cc2d/resourceGroups/test_vp_demo_westus2/providers/Microsoft.Network/virtualNetworks/test_vp_demo_westus2_vnet/subnets/internal",
                "name": "internal",
                "security_group": ""
              },
              {
                "address_prefix": "10.0.2.0/24",
                "id": "/subscriptions/fb68876b-4b4b-4f31-bf78-605e8d18cc2d/resourceGroups/test_vp_demo_westus2/providers/Microsoft.Network/virtualNetworks/test_vp_demo_westus2_vnet/subnets/external",
                "name": "external",
                "security_group": ""
              },
              {
                "address_prefix": "10.0.3.0/24",
                "id": "/subscriptions/fb68876b-4b4b-4f31-bf78-605e8d18cc2d/resourceGroups/test_vp_demo_westus2/providers/Microsoft.Network/virtualNetworks/test_vp_demo_westus2_vnet/subnets/mgmt",
                "name": "mgmt",
                "security_group": ""
              }
            ],
            "tags": null,
            "timeouts": null,
            "vm_protection_enabled": false
          },
          "sensitive_attributes": [],
          "private": "eyJlMmJmYjczMC1lY2FhLTExZTYtOGY4OC0zNDM2M2JjN2M0YzAiOnsiY3JlYXRlIjoxODAwMDAwMDAwMDAwLCJkZWxldGUiOjE4MDAwMDAwMDAwMDAsInJlYWQiOjMwMDAwMDAwMDAwMCwidXBkYXRlIjoxODAwMDAwMDAwMDAwfX0=",
          "dependencies": [
            "azurerm_resource_group.rg"
          ]
        }
      ]
    },
    {
      "mode": "managed",
      "type": "random_integer",
      "name": "password-length",
      "provider": "provider[\"registry.terraform.io/hashicorp/random\"]",
      "instances": [
        {
          "schema_version": 0,
          "attributes": {
            "id": "22",
            "keepers": null,
            "max": 25,
            "min": 12,
            "result": 22,
            "seed": null
          },
          "sensitive_attributes": [],
          "private": "bnVsbA=="
        }
      ]
    },
    {
      "mode": "managed",
      "type": "random_password",
      "name": "bigippassword",
      "provider": "provider[\"registry.terraform.io/hashicorp/random\"]",
      "instances": [
        {
          "schema_version": 0,
          "attributes": {
            "id": "none",
            "keepers": null,
            "length": 22,
            "lower": true,
            "min_lower": 1,
            "min_numeric": 1,
            "min_special": 1,
            "min_upper": 1,
            "number": true,
            "override_special": "#$\u0026()-_=+[]:?",
            "result": "feKYaSY:j65_dQk=RLlP0X",
            "special": true,
            "upper": true
          },
          "sensitive_attributes": [],
          "private": "bnVsbA==",
          "dependencies": [
            "random_integer.password-length"
          ]
        }
      ]
    }
  ]
}
